// !$*UTF8*$!
{
	archiveVersion = 1;
	classes = {
	};
	objectVersion = 52;
	objects = {

/* Begin PBXBuildFile section */
		165F8B21F93DBF712572F287 /* Pods_DemoProject.framework in Frameworks */ = {isa = PBXBuildFile; fileRef = B6A0BF1A45371050EF6B52D8 /* Pods_DemoProject.framework */; };
		B202A8B5260B287E00962931 /* MenuModel.swift in Sources */ = {isa = PBXBuildFile; fileRef = B202A8B4260B287E00962931 /* MenuModel.swift */; };
		B202A8B8260B2D3900962931 /* MenuDb.swift in Sources */ = {isa = PBXBuildFile; fileRef = B202A8B7260B2D3900962931 /* MenuDb.swift */; };
		B202A8BA260B3DE200962931 /* SideMenuTableViewCell.swift in Sources */ = {isa = PBXBuildFile; fileRef = B202A8B9260B3DE200962931 /* SideMenuTableViewCell.swift */; };
		B202A8BC260B433C00962931 /* SlideMenuVC.swift in Sources */ = {isa = PBXBuildFile; fileRef = B202A8BB260B433C00962931 /* SlideMenuVC.swift */; };
		B22C10AC269051B100DCFD4C /* HistoryVC.swift in Sources */ = {isa = PBXBuildFile; fileRef = B22C10AB269051B100DCFD4C /* HistoryVC.swift */; };
		B22C10AE2690609D00DCFD4C /* MoneyVC.swift in Sources */ = {isa = PBXBuildFile; fileRef = B22C10AD2690609D00DCFD4C /* MoneyVC.swift */; };
		B22C10B0269060B300DCFD4C /* AddVC.swift in Sources */ = {isa = PBXBuildFile; fileRef = B22C10AF269060B300DCFD4C /* AddVC.swift */; };
		B22C10B2269060CD00DCFD4C /* NotificationVC.swift in Sources */ = {isa = PBXBuildFile; fileRef = B22C10B1269060CD00DCFD4C /* NotificationVC.swift */; };
		B22C10BB2690D34E00DCFD4C /* custom.storyboard in Resources */ = {isa = PBXBuildFile; fileRef = B22C10BA2690D34E00DCFD4C /* custom.storyboard */; };
		B24C7D9A268465800014342F /* bannerSliderCollViewCell.swift in Sources */ = {isa = PBXBuildFile; fileRef = B24C7D992684657F0014342F /* bannerSliderCollViewCell.swift */; };
		B2507F40270D98D2009C6DE8 /* HomeModule.storyboard in Resources */ = {isa = PBXBuildFile; fileRef = B2507F3F270D98D2009C6DE8 /* HomeModule.storyboard */; };
		B27A2B4D25FB41BB002CF4F8 /* Constant.swift in Sources */ = {isa = PBXBuildFile; fileRef = B27A2B4C25FB41BB002CF4F8 /* Constant.swift */; };
		B28BDBB32701BB6D00C5DE95 /* Extension+Notification.swift in Sources */ = {isa = PBXBuildFile; fileRef = B28BDBB22701BB6D00C5DE95 /* Extension+Notification.swift */; };
		B2915B462699904400DECE41 /* Reachability.swift in Sources */ = {isa = PBXBuildFile; fileRef = B2915B452699904400DECE41 /* Reachability.swift */; };
		B2915B492699BF8C00DECE41 /* customAlert.storyboard in Resources */ = {isa = PBXBuildFile; fileRef = B2915B482699BF8B00DECE41 /* customAlert.storyboard */; };
		B2915B4B2699C00B00DECE41 /* customAlertVC.swift in Sources */ = {isa = PBXBuildFile; fileRef = B2915B4A2699C00B00DECE41 /* customAlertVC.swift */; };
		B2946EE9268641A900F6655E /* Connectivity.swift in Sources */ = {isa = PBXBuildFile; fileRef = B2946EE8268641A900F6655E /* Connectivity.swift */; };
		B29D506325EA7639002CC586 /* AppDelegate.swift in Sources */ = {isa = PBXBuildFile; fileRef = B29D506225EA7639002CC586 /* AppDelegate.swift */; };
		B29D506725EA7639002CC586 /* LoginVC.swift in Sources */ = {isa = PBXBuildFile; fileRef = B29D506625EA7639002CC586 /* LoginVC.swift */; };
		B29D506A25EA7639002CC586 /* Main.storyboard in Resources */ = {isa = PBXBuildFile; fileRef = B29D506825EA7639002CC586 /* Main.storyboard */; };
		B29D506C25EA763B002CC586 /* Assets.xcassets in Resources */ = {isa = PBXBuildFile; fileRef = B29D506B25EA763B002CC586 /* Assets.xcassets */; };
		B29D506F25EA763B002CC586 /* LaunchScreen.storyboard in Resources */ = {isa = PBXBuildFile; fileRef = B29D506D25EA763B002CC586 /* LaunchScreen.storyboard */; };
		B2A4394227676B3000D9374A /* Extension+ScrollView.swift in Sources */ = {isa = PBXBuildFile; fileRef = B2A4394127676B3000D9374A /* Extension+ScrollView.swift */; };
		B2A74BE3269B53A300C0EE97 /* Once.swift in Sources */ = {isa = PBXBuildFile; fileRef = B2A74BBF269B53A300C0EE97 /* Once.swift */; };
		B2A74BE5269B53A300C0EE97 /* Constraints.swift in Sources */ = {isa = PBXBuildFile; fileRef = B2A74BC2269B53A300C0EE97 /* Constraints.swift */; };
		B2A74BEA269B53A300C0EE97 /* EventHub.swift in Sources */ = {isa = PBXBuildFile; fileRef = B2A74BC8269B53A300C0EE97 /* EventHub.swift */; };
		B2A74BEB269B53A300C0EE97 /* GalleryBundle.swift in Sources */ = {isa = PBXBuildFile; fileRef = B2A74BC9269B53A300C0EE97 /* GalleryBundle.swift */; };
		B2A74BEC269B53A300C0EE97 /* Config.swift in Sources */ = {isa = PBXBuildFile; fileRef = B2A74BCA269B53A300C0EE97 /* Config.swift */; };
		B2A74BED269B53A300C0EE97 /* Array+Extensions.swift in Sources */ = {isa = PBXBuildFile; fileRef = B2A74BCC269B53A300C0EE97 /* Array+Extensions.swift */; };
		B2A74BEE269B53A300C0EE97 /* UIImageView+Extensions.swift in Sources */ = {isa = PBXBuildFile; fileRef = B2A74BCD269B53A300C0EE97 /* UIImageView+Extensions.swift */; };
		B2A74BEF269B53A300C0EE97 /* UIViewController+Extensions.swift in Sources */ = {isa = PBXBuildFile; fileRef = B2A74BCE269B53A300C0EE97 /* UIViewController+Extensions.swift */; };
		B2A74BF0269B53A300C0EE97 /* UIView+Extensions.swift in Sources */ = {isa = PBXBuildFile; fileRef = B2A74BCF269B53A300C0EE97 /* UIView+Extensions.swift */; };
		B2A74BF1269B53A300C0EE97 /* String+Extensions.swift in Sources */ = {isa = PBXBuildFile; fileRef = B2A74BD0269B53A300C0EE97 /* String+Extensions.swift */; };
		B2A74BF2269B53A300C0EE97 /* AVAsset+Extensions.swift in Sources */ = {isa = PBXBuildFile; fileRef = B2A74BD1269B53A300C0EE97 /* AVAsset+Extensions.swift */; };
		B2A74BF3269B53A300C0EE97 /* UIScrollView+Extensions.swift in Sources */ = {isa = PBXBuildFile; fileRef = B2A74BD2269B53A300C0EE97 /* UIScrollView+Extensions.swift */; };
		B2A74BF4269B53A300C0EE97 /* EmptyView.swift in Sources */ = {isa = PBXBuildFile; fileRef = B2A74BD4269B53A300C0EE97 /* EmptyView.swift */; };
		B2A74BF5269B53A300C0EE97 /* FrameView.swift in Sources */ = {isa = PBXBuildFile; fileRef = B2A74BD5269B53A300C0EE97 /* FrameView.swift */; };
		B2A74BF7269B53A300C0EE97 /* ArrowButton.swift in Sources */ = {isa = PBXBuildFile; fileRef = B2A74BD7269B53A300C0EE97 /* ArrowButton.swift */; };
		B2A74BF8269B53A300C0EE97 /* GridView.swift in Sources */ = {isa = PBXBuildFile; fileRef = B2A74BD8269B53A300C0EE97 /* GridView.swift */; };
		B2A74BF9269B53A300C0EE97 /* Fetcher.swift in Sources */ = {isa = PBXBuildFile; fileRef = B2A74BD9269B53A300C0EE97 /* Fetcher.swift */; };
		B2A74BFA269B53A300C0EE97 /* Utils.swift in Sources */ = {isa = PBXBuildFile; fileRef = B2A74BDA269B53A300C0EE97 /* Utils.swift */; };
		B2A74BFB269B53A300C0EE97 /* Permission.swift in Sources */ = {isa = PBXBuildFile; fileRef = B2A74BDC269B53A300C0EE97 /* Permission.swift */; };
		B2A74BFC269B53A300C0EE97 /* PermissionView.swift in Sources */ = {isa = PBXBuildFile; fileRef = B2A74BDD269B53A300C0EE97 /* PermissionView.swift */; };
		B2A74BFD269B53A300C0EE97 /* PermissionController.swift in Sources */ = {isa = PBXBuildFile; fileRef = B2A74BDE269B53A300C0EE97 /* PermissionController.swift */; };
		B2A74BFE269B53A300C0EE97 /* LocationManager.swift in Sources */ = {isa = PBXBuildFile; fileRef = B2A74BDF269B53A300C0EE97 /* LocationManager.swift */; };
		B2A74BFF269B53A300C0EE97 /* PagesController.swift in Sources */ = {isa = PBXBuildFile; fileRef = B2A74BE1269B53A300C0EE97 /* PagesController.swift */; };
		B2A74C00269B53A300C0EE97 /* PageIndicator.swift in Sources */ = {isa = PBXBuildFile; fileRef = B2A74BE2269B53A300C0EE97 /* PageIndicator.swift */; };
		B2A74C02269B553C00C0EE97 /* UIBlurEffect+Style.swift in Sources */ = {isa = PBXBuildFile; fileRef = B2A74C01269B553C00C0EE97 /* UIBlurEffect+Style.swift */; };
		B2A74C04269B554700C0EE97 /* UIColor.swift in Sources */ = {isa = PBXBuildFile; fileRef = B2A74C03269B554700C0EE97 /* UIColor.swift */; };
		B2A79F172771A7E300A87370 /* ScrollDemoVC2TVCell.swift in Sources */ = {isa = PBXBuildFile; fileRef = B2A79F162771A7E300A87370 /* ScrollDemoVC2TVCell.swift */; };
		B2A79F192771B41C00A87370 /* BasicTableViewCell.swift in Sources */ = {isa = PBXBuildFile; fileRef = B2A79F182771B41C00A87370 /* BasicTableViewCell.swift */; };
		B2A79F1B2771B44E00A87370 /* BaicTableDemoVC.swift in Sources */ = {isa = PBXBuildFile; fileRef = B2A79F1A2771B44E00A87370 /* BaicTableDemoVC.swift */; };
		B2A79F212771F48200A87370 /* ScrollWithTableVC.swift in Sources */ = {isa = PBXBuildFile; fileRef = B2A79F202771F48200A87370 /* ScrollWithTableVC.swift */; };
		B2A79F232771F4A400A87370 /* ScrollWithTableViewCell.swift in Sources */ = {isa = PBXBuildFile; fileRef = B2A79F222771F4A400A87370 /* ScrollWithTableViewCell.swift */; };
		B2AE2AEA25FB8D3C000E7710 /* Alamofire in Frameworks */ = {isa = PBXBuildFile; productRef = B2AE2AE925FB8D3C000E7710 /* Alamofire */; };
		B2AE2AED25FB8DE2000E7710 /* APILoginManger.swift in Sources */ = {isa = PBXBuildFile; fileRef = B2AE2AEC25FB8DE2000E7710 /* APILoginManger.swift */; };
		B2AE2AEF25FB9176000E7710 /* LoginModel.swift in Sources */ = {isa = PBXBuildFile; fileRef = B2AE2AEE25FB9176000E7710 /* LoginModel.swift */; };
		B2B67BA92687640400999FAD /* Extension+UIApplication.swift in Sources */ = {isa = PBXBuildFile; fileRef = B2B67BA82687640400999FAD /* Extension+UIApplication.swift */; };
		B2B67BAB2687669E00999FAD /* UserDefault.swift in Sources */ = {isa = PBXBuildFile; fileRef = B2B67BAA2687669E00999FAD /* UserDefault.swift */; };
		B2B7FED025FF76D4001B6514 /* LoginResponse.swift in Sources */ = {isa = PBXBuildFile; fileRef = B2B7FECF25FF76D4001B6514 /* LoginResponse.swift */; };
		B2BD1EA22615C1B2002F14D4 /* NoteAndRefrence.swift in Sources */ = {isa = PBXBuildFile; fileRef = B2BD1EA12615C1B2002F14D4 /* NoteAndRefrence.swift */; };
		B2BDBBA826089ACF00B0DEA9 /* Extension+UITextField.swift in Sources */ = {isa = PBXBuildFile; fileRef = B2BDBBA726089ACF00B0DEA9 /* Extension+UITextField.swift */; };
		B2C342352768A3590069D0A2 /* ScrollViewDemoVC2.swift in Sources */ = {isa = PBXBuildFile; fileRef = B2C342342768A3590069D0A2 /* ScrollViewDemoVC2.swift */; };
		B2C3CB90278160DE00E1D518 /* AppBarView.xib in Resources */ = {isa = PBXBuildFile; fileRef = B2C3CB8F278160DE00E1D518 /* AppBarView.xib */; };
		B2C3CB92278160FE00E1D518 /* AppBarView.swift in Sources */ = {isa = PBXBuildFile; fileRef = B2C3CB91278160FE00E1D518 /* AppBarView.swift */; };
		B2C5F6012605D0C50020EB9C /* Extension+UIViewController.swift in Sources */ = {isa = PBXBuildFile; fileRef = B2C5F6002605D0C50020EB9C /* Extension+UIViewController.swift */; };
		B2C89A8C27651DC500F0B04E /* HomeVC.swift in Sources */ = {isa = PBXBuildFile; fileRef = B2C89A8B27651DC500F0B04E /* HomeVC.swift */; };
		B2C89A8E27651E8A00F0B04E /* ScrollDemoVC.swift in Sources */ = {isa = PBXBuildFile; fileRef = B2C89A8D27651E8A00F0B04E /* ScrollDemoVC.swift */; };
		B2C89A9027651EBD00F0B04E /* DynamicLabelVC.swift in Sources */ = {isa = PBXBuildFile; fileRef = B2C89A8F27651EBD00F0B04E /* DynamicLabelVC.swift */; };
		B2CB774D276085D600870417 /* BuisinessModule.storyboard in Resources */ = {isa = PBXBuildFile; fileRef = B2CB774C276085D600870417 /* BuisinessModule.storyboard */; };
		B2CB774F2760927400870417 /* TableViewDemoVC.swift in Sources */ = {isa = PBXBuildFile; fileRef = B2CB774E2760927400870417 /* TableViewDemoVC.swift */; };
		B2D2DFD7260F329B0046A01E /* CAPSPageMenu.swift in Sources */ = {isa = PBXBuildFile; fileRef = B2D2DFD6260F329A0046A01E /* CAPSPageMenu.swift */; };
		B2D7A5EC26A07E0E00A97A6D /* Switcher.swift in Sources */ = {isa = PBXBuildFile; fileRef = B2D7A5EB26A07E0E00A97A6D /* Switcher.swift */; };
		B2F389BF2743EBCB007B137E /* CommonWebVC.swift in Sources */ = {isa = PBXBuildFile; fileRef = B2F389BE2743EBCA007B137E /* CommonWebVC.swift */; };
		B2F389C22743F1DA007B137E /* index.html in Resources */ = {isa = PBXBuildFile; fileRef = B2F389C12743F1DA007B137E /* index.html */; };
		B2F389C4274419A1007B137E /* WebViewVC.swift in Sources */ = {isa = PBXBuildFile; fileRef = B2F389C3274419A1007B137E /* WebViewVC.swift */; };
		B2F389C6274423F5007B137E /* index1.html in Resources */ = {isa = PBXBuildFile; fileRef = B2F389C5274423F5007B137E /* index1.html */; };
		B2FA8A0C26918ECD00A02640 /* CustomVC.swift in Sources */ = {isa = PBXBuildFile; fileRef = B2FA8A0B26918ECD00A02640 /* CustomVC.swift */; };
		B2FA8A0F2691A13500A02640 /* TestView.xib in Resources */ = {isa = PBXBuildFile; fileRef = B2FA8A0E2691A13500A02640 /* TestView.xib */; };
		B2FA8A112691A20900A02640 /* TestVew.swift in Sources */ = {isa = PBXBuildFile; fileRef = B2FA8A102691A20900A02640 /* TestVew.swift */; };
		CD1739C329B1E2EB00DE8DB3 /* Extension+String.swift in Sources */ = {isa = PBXBuildFile; fileRef = CD1739C229B1E2EB00DE8DB3 /* Extension+String.swift */; };
		CD285485291A1C8700FBB914 /* ImageCollectionView.swift in Sources */ = {isa = PBXBuildFile; fileRef = CD285484291A1C8700FBB914 /* ImageCollectionView.swift */; };
		CD2D676C29129F5F00DF42D9 /* CollectionViewCell.swift in Sources */ = {isa = PBXBuildFile; fileRef = CD2D676A29129F5F00DF42D9 /* CollectionViewCell.swift */; };
		CD2D676D29129F5F00DF42D9 /* CollectionViewCell.xib in Resources */ = {isa = PBXBuildFile; fileRef = CD2D676B29129F5F00DF42D9 /* CollectionViewCell.xib */; };
		CD34A751291BD6E3001704CF /* ExpandableTableVC.swift in Sources */ = {isa = PBXBuildFile; fileRef = CD34A750291BD6E3001704CF /* ExpandableTableVC.swift */; };
		CD3DBAE6291E56D1002D7C96 /* ParentCell.swift in Sources */ = {isa = PBXBuildFile; fileRef = CD3DBAE5291E56D1002D7C96 /* ParentCell.swift */; };
		CD3DBAE8291E56E5002D7C96 /* ChildCell.swift in Sources */ = {isa = PBXBuildFile; fileRef = CD3DBAE7291E56E5002D7C96 /* ChildCell.swift */; };
		CD3DBAEA291E570A002D7C96 /* NestedTableViewVC.swift in Sources */ = {isa = PBXBuildFile; fileRef = CD3DBAE9291E570A002D7C96 /* NestedTableViewVC.swift */; };
		CD3DBAED291E5B2B002D7C96 /* CellData.swift in Sources */ = {isa = PBXBuildFile; fileRef = CD3DBAEC291E5B2B002D7C96 /* CellData.swift */; };
		CD40722F29139180004F68A8 /* UPCarouselFlowLayout.swift in Sources */ = {isa = PBXBuildFile; fileRef = CD40722E29139180004F68A8 /* UPCarouselFlowLayout.swift */; };
		CD407231291394C7004F68A8 /* StructCollection.swift in Sources */ = {isa = PBXBuildFile; fileRef = CD407230291394C7004F68A8 /* StructCollection.swift */; };
		CD41B289290F9D4B004ACDD8 /* TabBarMainHome.swift in Sources */ = {isa = PBXBuildFile; fileRef = CD41B288290F9D4B004ACDD8 /* TabBarMainHome.swift */; };
		CD4BA773291917C200ED0E05 /* dashBoardShortViewCell.swift in Sources */ = {isa = PBXBuildFile; fileRef = CD4BA771291917C200ED0E05 /* dashBoardShortViewCell.swift */; };
		CD4BA77629193D5400ED0E05 /* CustomCollectionFlowLayout.swift in Sources */ = {isa = PBXBuildFile; fileRef = CD4BA77529193D5400ED0E05 /* CustomCollectionFlowLayout.swift */; };
		CD54F1852912387C00DEA682 /* Extension+UIViewWithIBDesign.swift in Sources */ = {isa = PBXBuildFile; fileRef = CD54F1842912387C00DEA682 /* Extension+UIViewWithIBDesign.swift */; };
		CD54F187291240E900DEA682 /* Extension+UIView.swift in Sources */ = {isa = PBXBuildFile; fileRef = CD54F186291240E900DEA682 /* Extension+UIView.swift */; };
		CD6D902C291CCA54005BD01A /* ExpandableViewCell.swift in Sources */ = {isa = PBXBuildFile; fileRef = CD6D902B291CCA54005BD01A /* ExpandableViewCell.swift */; };
		CD7E484B290D2BFE00C7CE1B /* TabBarDemoVC.swift in Sources */ = {isa = PBXBuildFile; fileRef = CD7E484A290D2BFE00C7CE1B /* TabBarDemoVC.swift */; };
		CD9CF43129AE2CFF0043624D /* ContactDetailsVC.swift in Sources */ = {isa = PBXBuildFile; fileRef = CD9CF43029AE2CFF0043624D /* ContactDetailsVC.swift */; };
		CDA2AC5D29092D8500F5917C /* BottomSheetVC.swift in Sources */ = {isa = PBXBuildFile; fileRef = CDA2AC5C29092D8500F5917C /* BottomSheetVC.swift */; };
		CDA2AC6029093DEF00F5917C /* SwiftUIView.swift in Sources */ = {isa = PBXBuildFile; fileRef = CDA2AC5F29093DEF00F5917C /* SwiftUIView.swift */; };
		CDA2AC632909439D00F5917C /* ContentView.swift in Sources */ = {isa = PBXBuildFile; fileRef = CDA2AC622909439D00F5917C /* ContentView.swift */; };
		CDA2AC65290944A500F5917C /* ViewA.swift in Sources */ = {isa = PBXBuildFile; fileRef = CDA2AC64290944A400F5917C /* ViewA.swift */; };
		CDA2AC67290944BE00F5917C /* ViewB.swift in Sources */ = {isa = PBXBuildFile; fileRef = CDA2AC66290944BE00F5917C /* ViewB.swift */; };
		CDA2AC69290944CF00F5917C /* ViewC.swift in Sources */ = {isa = PBXBuildFile; fileRef = CDA2AC68290944CF00F5917C /* ViewC.swift */; };
		CDDB86412A1DD35500D1C002 /* DemoView1.swift in Sources */ = {isa = PBXBuildFile; fileRef = CDDB86402A1DD35500D1C002 /* DemoView1.swift */; };
		CDDB86432A1DD37300D1C002 /* DemoSwiftUIView1.swift in Sources */ = {isa = PBXBuildFile; fileRef = CDDB86422A1DD37300D1C002 /* DemoSwiftUIView1.swift */; };
		CDDB86612A1DE89100D1C002 /* IQTextView.swift in Sources */ = {isa = PBXBuildFile; fileRef = CDDB86462A1DE89100D1C002 /* IQTextView.swift */; };
		CDDB86622A1DE89100D1C002 /* IQKeyboardManager+Internal.swift in Sources */ = {isa = PBXBuildFile; fileRef = CDDB86472A1DE89100D1C002 /* IQKeyboardManager+Internal.swift */; };
		CDDB86632A1DE89100D1C002 /* IQPreviousNextView.swift in Sources */ = {isa = PBXBuildFile; fileRef = CDDB86492A1DE89100D1C002 /* IQPreviousNextView.swift */; };
		CDDB86642A1DE89100D1C002 /* IQTitleBarButtonItem.swift in Sources */ = {isa = PBXBuildFile; fileRef = CDDB864A2A1DE89100D1C002 /* IQTitleBarButtonItem.swift */; };
		CDDB86652A1DE89100D1C002 /* IQBarButtonItem.swift in Sources */ = {isa = PBXBuildFile; fileRef = CDDB864B2A1DE89100D1C002 /* IQBarButtonItem.swift */; };
		CDDB86662A1DE89100D1C002 /* IQToolbar.swift in Sources */ = {isa = PBXBuildFile; fileRef = CDDB864C2A1DE89100D1C002 /* IQToolbar.swift */; };
		CDDB86672A1DE89100D1C002 /* IQUIView+IQKeyboardToolbar.swift in Sources */ = {isa = PBXBuildFile; fileRef = CDDB864D2A1DE89100D1C002 /* IQUIView+IQKeyboardToolbar.swift */; };
		CDDB86682A1DE89100D1C002 /* IQInvocation.swift in Sources */ = {isa = PBXBuildFile; fileRef = CDDB864E2A1DE89100D1C002 /* IQInvocation.swift */; };
		CDDB86692A1DE89100D1C002 /* IQKeyboardManager+UIKeyboardNotification.swift in Sources */ = {isa = PBXBuildFile; fileRef = CDDB864F2A1DE89100D1C002 /* IQKeyboardManager+UIKeyboardNotification.swift */; };
		CDDB866A2A1DE89100D1C002 /* IQKeyboardManagerConstantsInternal.swift in Sources */ = {isa = PBXBuildFile; fileRef = CDDB86512A1DE89100D1C002 /* IQKeyboardManagerConstantsInternal.swift */; };
		CDDB866B2A1DE89100D1C002 /* IQKeyboardManagerConstants.swift in Sources */ = {isa = PBXBuildFile; fileRef = CDDB86522A1DE89100D1C002 /* IQKeyboardManagerConstants.swift */; };
		CDDB866C2A1DE89100D1C002 /* IQKeyboardManager+Position.swift in Sources */ = {isa = PBXBuildFile; fileRef = CDDB86532A1DE89100D1C002 /* IQKeyboardManager+Position.swift */; };
		CDDB866D2A1DE89100D1C002 /* IQKeyboardReturnKeyHandler.swift in Sources */ = {isa = PBXBuildFile; fileRef = CDDB86542A1DE89100D1C002 /* IQKeyboardReturnKeyHandler.swift */; };
		CDDB866E2A1DE89100D1C002 /* IQKeyboardManager.swift in Sources */ = {isa = PBXBuildFile; fileRef = CDDB86552A1DE89100D1C002 /* IQKeyboardManager.swift */; };
		CDDB866F2A1DE89100D1C002 /* IQKeyboardManager+Debug.swift in Sources */ = {isa = PBXBuildFile; fileRef = CDDB86562A1DE89100D1C002 /* IQKeyboardManager+Debug.swift */; };
		CDDB86702A1DE89100D1C002 /* IQKeyboardManager+OrientationNotification.swift in Sources */ = {isa = PBXBuildFile; fileRef = CDDB86572A1DE89100D1C002 /* IQKeyboardManager+OrientationNotification.swift */; };
		CDDB86712A1DE89100D1C002 /* IQKeyboardManager+Toolbar.swift in Sources */ = {isa = PBXBuildFile; fileRef = CDDB86582A1DE89100D1C002 /* IQKeyboardManager+Toolbar.swift */; };
		CDDB86722A1DE89100D1C002 /* IQUIScrollView+Additions.swift in Sources */ = {isa = PBXBuildFile; fileRef = CDDB865B2A1DE89100D1C002 /* IQUIScrollView+Additions.swift */; };
		CDDB86732A1DE89100D1C002 /* IQUIViewController+Additions.swift in Sources */ = {isa = PBXBuildFile; fileRef = CDDB865C2A1DE89100D1C002 /* IQUIViewController+Additions.swift */; };
		CDDB86742A1DE89100D1C002 /* IQUITextFieldView+Additions.swift in Sources */ = {isa = PBXBuildFile; fileRef = CDDB865D2A1DE89100D1C002 /* IQUITextFieldView+Additions.swift */; };
		CDDB86752A1DE89100D1C002 /* IQUIView+Hierarchy.swift in Sources */ = {isa = PBXBuildFile; fileRef = CDDB865E2A1DE89100D1C002 /* IQUIView+Hierarchy.swift */; };
		CDDB86762A1DE89100D1C002 /* IQNSArray+Sort.swift in Sources */ = {isa = PBXBuildFile; fileRef = CDDB865F2A1DE89100D1C002 /* IQNSArray+Sort.swift */; };
		CDDB86772A1DE89100D1C002 /* IQKeyboardManager+UITextFieldViewNotification.swift in Sources */ = {isa = PBXBuildFile; fileRef = CDDB86602A1DE89100D1C002 /* IQKeyboardManager+UITextFieldViewNotification.swift */; };
		CDDF4F972A1B975400D6438A /* DemoLoginVC.swift in Sources */ = {isa = PBXBuildFile; fileRef = CDDF4F962A1B975400D6438A /* DemoLoginVC.swift */; };
/* End PBXBuildFile section */

/* Begin PBXFileReference section */
		2DE43D00A7788C9EDD1D6BEE /* Pods-DemoProject.release.xcconfig */ = {isa = PBXFileReference; includeInIndex = 1; lastKnownFileType = text.xcconfig; name = "Pods-DemoProject.release.xcconfig"; path = "Target Support Files/Pods-DemoProject/Pods-DemoProject.release.xcconfig"; sourceTree = "<group>"; };
		3DA8F55107928F896886388B /* Pods-DemoProject.debug.xcconfig */ = {isa = PBXFileReference; includeInIndex = 1; lastKnownFileType = text.xcconfig; name = "Pods-DemoProject.debug.xcconfig"; path = "Target Support Files/Pods-DemoProject/Pods-DemoProject.debug.xcconfig"; sourceTree = "<group>"; };
		B202A8B4260B287E00962931 /* MenuModel.swift */ = {isa = PBXFileReference; lastKnownFileType = sourcecode.swift; path = MenuModel.swift; sourceTree = "<group>"; };
		B202A8B7260B2D3900962931 /* MenuDb.swift */ = {isa = PBXFileReference; lastKnownFileType = sourcecode.swift; path = MenuDb.swift; sourceTree = "<group>"; };
		B202A8B9260B3DE200962931 /* SideMenuTableViewCell.swift */ = {isa = PBXFileReference; lastKnownFileType = sourcecode.swift; path = SideMenuTableViewCell.swift; sourceTree = "<group>"; };
		B202A8BB260B433C00962931 /* SlideMenuVC.swift */ = {isa = PBXFileReference; lastKnownFileType = sourcecode.swift; path = SlideMenuVC.swift; sourceTree = "<group>"; };
		B22C10AB269051B100DCFD4C /* HistoryVC.swift */ = {isa = PBXFileReference; lastKnownFileType = sourcecode.swift; path = HistoryVC.swift; sourceTree = "<group>"; };
		B22C10AD2690609D00DCFD4C /* MoneyVC.swift */ = {isa = PBXFileReference; lastKnownFileType = sourcecode.swift; path = MoneyVC.swift; sourceTree = "<group>"; };
		B22C10AF269060B300DCFD4C /* AddVC.swift */ = {isa = PBXFileReference; lastKnownFileType = sourcecode.swift; path = AddVC.swift; sourceTree = "<group>"; };
		B22C10B1269060CD00DCFD4C /* NotificationVC.swift */ = {isa = PBXFileReference; lastKnownFileType = sourcecode.swift; path = NotificationVC.swift; sourceTree = "<group>"; };
		B22C10BA2690D34E00DCFD4C /* custom.storyboard */ = {isa = PBXFileReference; lastKnownFileType = file.storyboard; path = custom.storyboard; sourceTree = "<group>"; };
		B24C7D992684657F0014342F /* bannerSliderCollViewCell.swift */ = {isa = PBXFileReference; lastKnownFileType = sourcecode.swift; path = bannerSliderCollViewCell.swift; sourceTree = "<group>"; };
		B2507F3F270D98D2009C6DE8 /* HomeModule.storyboard */ = {isa = PBXFileReference; lastKnownFileType = file.storyboard; path = HomeModule.storyboard; sourceTree = "<group>"; };
		B27A2B4C25FB41BB002CF4F8 /* Constant.swift */ = {isa = PBXFileReference; lastKnownFileType = sourcecode.swift; path = Constant.swift; sourceTree = "<group>"; };
		B28BDBB22701BB6D00C5DE95 /* Extension+Notification.swift */ = {isa = PBXFileReference; lastKnownFileType = sourcecode.swift; path = "Extension+Notification.swift"; sourceTree = "<group>"; };
		B2915B452699904400DECE41 /* Reachability.swift */ = {isa = PBXFileReference; fileEncoding = 4; lastKnownFileType = sourcecode.swift; path = Reachability.swift; sourceTree = "<group>"; };
		B2915B482699BF8B00DECE41 /* customAlert.storyboard */ = {isa = PBXFileReference; lastKnownFileType = file.storyboard; path = customAlert.storyboard; sourceTree = "<group>"; };
		B2915B4A2699C00B00DECE41 /* customAlertVC.swift */ = {isa = PBXFileReference; lastKnownFileType = sourcecode.swift; path = customAlertVC.swift; sourceTree = "<group>"; };
		B2946EE8268641A900F6655E /* Connectivity.swift */ = {isa = PBXFileReference; lastKnownFileType = sourcecode.swift; path = Connectivity.swift; sourceTree = "<group>"; };
		B29D505F25EA7639002CC586 /* Food Corner.app */ = {isa = PBXFileReference; explicitFileType = wrapper.application; includeInIndex = 0; path = "Food Corner.app"; sourceTree = BUILT_PRODUCTS_DIR; };
		B29D506225EA7639002CC586 /* AppDelegate.swift */ = {isa = PBXFileReference; lastKnownFileType = sourcecode.swift; path = AppDelegate.swift; sourceTree = "<group>"; };
		B29D506625EA7639002CC586 /* LoginVC.swift */ = {isa = PBXFileReference; lastKnownFileType = sourcecode.swift; path = LoginVC.swift; sourceTree = "<group>"; };
		B29D506925EA7639002CC586 /* Base */ = {isa = PBXFileReference; lastKnownFileType = file.storyboard; name = Base; path = Base.lproj/Main.storyboard; sourceTree = "<group>"; };
		B29D506B25EA763B002CC586 /* Assets.xcassets */ = {isa = PBXFileReference; lastKnownFileType = folder.assetcatalog; path = Assets.xcassets; sourceTree = "<group>"; };
		B29D506E25EA763B002CC586 /* Base */ = {isa = PBXFileReference; lastKnownFileType = file.storyboard; name = Base; path = Base.lproj/LaunchScreen.storyboard; sourceTree = "<group>"; };
		B29D507025EA763B002CC586 /* Info.plist */ = {isa = PBXFileReference; lastKnownFileType = text.plist.xml; path = Info.plist; sourceTree = "<group>"; };
		B2A4394127676B3000D9374A /* Extension+ScrollView.swift */ = {isa = PBXFileReference; lastKnownFileType = sourcecode.swift; path = "Extension+ScrollView.swift"; sourceTree = "<group>"; };
		B2A74BBF269B53A300C0EE97 /* Once.swift */ = {isa = PBXFileReference; fileEncoding = 4; lastKnownFileType = sourcecode.swift; path = Once.swift; sourceTree = "<group>"; };
		B2A74BC2269B53A300C0EE97 /* Constraints.swift */ = {isa = PBXFileReference; fileEncoding = 4; lastKnownFileType = sourcecode.swift; path = Constraints.swift; sourceTree = "<group>"; };
		B2A74BC8269B53A300C0EE97 /* EventHub.swift */ = {isa = PBXFileReference; fileEncoding = 4; lastKnownFileType = sourcecode.swift; path = EventHub.swift; sourceTree = "<group>"; };
		B2A74BC9269B53A300C0EE97 /* GalleryBundle.swift */ = {isa = PBXFileReference; fileEncoding = 4; lastKnownFileType = sourcecode.swift; path = GalleryBundle.swift; sourceTree = "<group>"; };
		B2A74BCA269B53A300C0EE97 /* Config.swift */ = {isa = PBXFileReference; fileEncoding = 4; lastKnownFileType = sourcecode.swift; path = Config.swift; sourceTree = "<group>"; };
		B2A74BCC269B53A300C0EE97 /* Array+Extensions.swift */ = {isa = PBXFileReference; fileEncoding = 4; lastKnownFileType = sourcecode.swift; path = "Array+Extensions.swift"; sourceTree = "<group>"; };
		B2A74BCD269B53A300C0EE97 /* UIImageView+Extensions.swift */ = {isa = PBXFileReference; fileEncoding = 4; lastKnownFileType = sourcecode.swift; path = "UIImageView+Extensions.swift"; sourceTree = "<group>"; };
		B2A74BCE269B53A300C0EE97 /* UIViewController+Extensions.swift */ = {isa = PBXFileReference; fileEncoding = 4; lastKnownFileType = sourcecode.swift; path = "UIViewController+Extensions.swift"; sourceTree = "<group>"; };
		B2A74BCF269B53A300C0EE97 /* UIView+Extensions.swift */ = {isa = PBXFileReference; fileEncoding = 4; lastKnownFileType = sourcecode.swift; path = "UIView+Extensions.swift"; sourceTree = "<group>"; };
		B2A74BD0269B53A300C0EE97 /* String+Extensions.swift */ = {isa = PBXFileReference; fileEncoding = 4; lastKnownFileType = sourcecode.swift; path = "String+Extensions.swift"; sourceTree = "<group>"; };
		B2A74BD1269B53A300C0EE97 /* AVAsset+Extensions.swift */ = {isa = PBXFileReference; fileEncoding = 4; lastKnownFileType = sourcecode.swift; path = "AVAsset+Extensions.swift"; sourceTree = "<group>"; };
		B2A74BD2269B53A300C0EE97 /* UIScrollView+Extensions.swift */ = {isa = PBXFileReference; fileEncoding = 4; lastKnownFileType = sourcecode.swift; path = "UIScrollView+Extensions.swift"; sourceTree = "<group>"; };
		B2A74BD4269B53A300C0EE97 /* EmptyView.swift */ = {isa = PBXFileReference; fileEncoding = 4; lastKnownFileType = sourcecode.swift; path = EmptyView.swift; sourceTree = "<group>"; };
		B2A74BD5269B53A300C0EE97 /* FrameView.swift */ = {isa = PBXFileReference; fileEncoding = 4; lastKnownFileType = sourcecode.swift; path = FrameView.swift; sourceTree = "<group>"; };
		B2A74BD7269B53A300C0EE97 /* ArrowButton.swift */ = {isa = PBXFileReference; fileEncoding = 4; lastKnownFileType = sourcecode.swift; path = ArrowButton.swift; sourceTree = "<group>"; };
		B2A74BD8269B53A300C0EE97 /* GridView.swift */ = {isa = PBXFileReference; fileEncoding = 4; lastKnownFileType = sourcecode.swift; path = GridView.swift; sourceTree = "<group>"; };
		B2A74BD9269B53A300C0EE97 /* Fetcher.swift */ = {isa = PBXFileReference; fileEncoding = 4; lastKnownFileType = sourcecode.swift; path = Fetcher.swift; sourceTree = "<group>"; };
		B2A74BDA269B53A300C0EE97 /* Utils.swift */ = {isa = PBXFileReference; fileEncoding = 4; lastKnownFileType = sourcecode.swift; path = Utils.swift; sourceTree = "<group>"; };
		B2A74BDC269B53A300C0EE97 /* Permission.swift */ = {isa = PBXFileReference; fileEncoding = 4; lastKnownFileType = sourcecode.swift; path = Permission.swift; sourceTree = "<group>"; };
		B2A74BDD269B53A300C0EE97 /* PermissionView.swift */ = {isa = PBXFileReference; fileEncoding = 4; lastKnownFileType = sourcecode.swift; path = PermissionView.swift; sourceTree = "<group>"; };
		B2A74BDE269B53A300C0EE97 /* PermissionController.swift */ = {isa = PBXFileReference; fileEncoding = 4; lastKnownFileType = sourcecode.swift; path = PermissionController.swift; sourceTree = "<group>"; };
		B2A74BDF269B53A300C0EE97 /* LocationManager.swift */ = {isa = PBXFileReference; fileEncoding = 4; lastKnownFileType = sourcecode.swift; path = LocationManager.swift; sourceTree = "<group>"; };
		B2A74BE1269B53A300C0EE97 /* PagesController.swift */ = {isa = PBXFileReference; fileEncoding = 4; lastKnownFileType = sourcecode.swift; path = PagesController.swift; sourceTree = "<group>"; };
		B2A74BE2269B53A300C0EE97 /* PageIndicator.swift */ = {isa = PBXFileReference; fileEncoding = 4; lastKnownFileType = sourcecode.swift; path = PageIndicator.swift; sourceTree = "<group>"; };
		B2A74C01269B553C00C0EE97 /* UIBlurEffect+Style.swift */ = {isa = PBXFileReference; fileEncoding = 4; lastKnownFileType = sourcecode.swift; path = "UIBlurEffect+Style.swift"; sourceTree = "<group>"; };
		B2A74C03269B554700C0EE97 /* UIColor.swift */ = {isa = PBXFileReference; fileEncoding = 4; lastKnownFileType = sourcecode.swift; path = UIColor.swift; sourceTree = "<group>"; };
		B2A79F162771A7E300A87370 /* ScrollDemoVC2TVCell.swift */ = {isa = PBXFileReference; lastKnownFileType = sourcecode.swift; path = ScrollDemoVC2TVCell.swift; sourceTree = "<group>"; };
		B2A79F182771B41C00A87370 /* BasicTableViewCell.swift */ = {isa = PBXFileReference; lastKnownFileType = sourcecode.swift; path = BasicTableViewCell.swift; sourceTree = "<group>"; };
		B2A79F1A2771B44E00A87370 /* BaicTableDemoVC.swift */ = {isa = PBXFileReference; lastKnownFileType = sourcecode.swift; path = BaicTableDemoVC.swift; sourceTree = "<group>"; };
		B2A79F202771F48200A87370 /* ScrollWithTableVC.swift */ = {isa = PBXFileReference; lastKnownFileType = sourcecode.swift; path = ScrollWithTableVC.swift; sourceTree = "<group>"; };
		B2A79F222771F4A400A87370 /* ScrollWithTableViewCell.swift */ = {isa = PBXFileReference; lastKnownFileType = sourcecode.swift; path = ScrollWithTableViewCell.swift; sourceTree = "<group>"; };
		B2AE2AEC25FB8DE2000E7710 /* APILoginManger.swift */ = {isa = PBXFileReference; lastKnownFileType = sourcecode.swift; path = APILoginManger.swift; sourceTree = "<group>"; };
		B2AE2AEE25FB9176000E7710 /* LoginModel.swift */ = {isa = PBXFileReference; lastKnownFileType = sourcecode.swift; path = LoginModel.swift; sourceTree = "<group>"; };
		B2B67BA82687640400999FAD /* Extension+UIApplication.swift */ = {isa = PBXFileReference; lastKnownFileType = sourcecode.swift; path = "Extension+UIApplication.swift"; sourceTree = "<group>"; };
		B2B67BAA2687669E00999FAD /* UserDefault.swift */ = {isa = PBXFileReference; lastKnownFileType = sourcecode.swift; path = UserDefault.swift; sourceTree = "<group>"; };
		B2B7FECF25FF76D4001B6514 /* LoginResponse.swift */ = {isa = PBXFileReference; lastKnownFileType = sourcecode.swift; path = LoginResponse.swift; sourceTree = "<group>"; };
		B2BD1EA12615C1B2002F14D4 /* NoteAndRefrence.swift */ = {isa = PBXFileReference; lastKnownFileType = sourcecode.swift; path = NoteAndRefrence.swift; sourceTree = "<group>"; };
		B2BDBBA726089ACF00B0DEA9 /* Extension+UITextField.swift */ = {isa = PBXFileReference; lastKnownFileType = sourcecode.swift; path = "Extension+UITextField.swift"; sourceTree = "<group>"; };
		B2C342342768A3590069D0A2 /* ScrollViewDemoVC2.swift */ = {isa = PBXFileReference; lastKnownFileType = sourcecode.swift; path = ScrollViewDemoVC2.swift; sourceTree = "<group>"; };
		B2C3CB8F278160DE00E1D518 /* AppBarView.xib */ = {isa = PBXFileReference; lastKnownFileType = file.xib; path = AppBarView.xib; sourceTree = "<group>"; };
		B2C3CB91278160FE00E1D518 /* AppBarView.swift */ = {isa = PBXFileReference; lastKnownFileType = sourcecode.swift; path = AppBarView.swift; sourceTree = "<group>"; };
		B2C5F6002605D0C50020EB9C /* Extension+UIViewController.swift */ = {isa = PBXFileReference; lastKnownFileType = sourcecode.swift; path = "Extension+UIViewController.swift"; sourceTree = "<group>"; };
		B2C89A8B27651DC500F0B04E /* HomeVC.swift */ = {isa = PBXFileReference; fileEncoding = 4; lastKnownFileType = sourcecode.swift; path = HomeVC.swift; sourceTree = "<group>"; };
		B2C89A8D27651E8A00F0B04E /* ScrollDemoVC.swift */ = {isa = PBXFileReference; fileEncoding = 4; lastKnownFileType = sourcecode.swift; path = ScrollDemoVC.swift; sourceTree = "<group>"; };
		B2C89A8F27651EBD00F0B04E /* DynamicLabelVC.swift */ = {isa = PBXFileReference; lastKnownFileType = sourcecode.swift; path = DynamicLabelVC.swift; sourceTree = "<group>"; };
		B2CB774C276085D600870417 /* BuisinessModule.storyboard */ = {isa = PBXFileReference; lastKnownFileType = file.storyboard; path = BuisinessModule.storyboard; sourceTree = "<group>"; };
		B2CB774E2760927400870417 /* TableViewDemoVC.swift */ = {isa = PBXFileReference; lastKnownFileType = sourcecode.swift; path = TableViewDemoVC.swift; sourceTree = "<group>"; };
		B2D2DFD6260F329A0046A01E /* CAPSPageMenu.swift */ = {isa = PBXFileReference; fileEncoding = 4; lastKnownFileType = sourcecode.swift; path = CAPSPageMenu.swift; sourceTree = "<group>"; };
		B2D7A5EB26A07E0E00A97A6D /* Switcher.swift */ = {isa = PBXFileReference; lastKnownFileType = sourcecode.swift; path = Switcher.swift; sourceTree = "<group>"; };
		B2F389BE2743EBCA007B137E /* CommonWebVC.swift */ = {isa = PBXFileReference; lastKnownFileType = sourcecode.swift; path = CommonWebVC.swift; sourceTree = "<group>"; };
		B2F389C12743F1DA007B137E /* index.html */ = {isa = PBXFileReference; fileEncoding = 4; lastKnownFileType = text.html; path = index.html; sourceTree = "<group>"; };
		B2F389C3274419A1007B137E /* WebViewVC.swift */ = {isa = PBXFileReference; lastKnownFileType = sourcecode.swift; path = WebViewVC.swift; sourceTree = "<group>"; };
		B2F389C5274423F5007B137E /* index1.html */ = {isa = PBXFileReference; fileEncoding = 4; lastKnownFileType = text.html; path = index1.html; sourceTree = "<group>"; };
		B2FA8A0B26918ECD00A02640 /* CustomVC.swift */ = {isa = PBXFileReference; lastKnownFileType = sourcecode.swift; path = CustomVC.swift; sourceTree = "<group>"; };
		B2FA8A0E2691A13500A02640 /* TestView.xib */ = {isa = PBXFileReference; lastKnownFileType = file.xib; path = TestView.xib; sourceTree = "<group>"; };
		B2FA8A102691A20900A02640 /* TestVew.swift */ = {isa = PBXFileReference; lastKnownFileType = sourcecode.swift; path = TestVew.swift; sourceTree = "<group>"; };
		B6A0BF1A45371050EF6B52D8 /* Pods_DemoProject.framework */ = {isa = PBXFileReference; explicitFileType = wrapper.framework; includeInIndex = 0; path = Pods_DemoProject.framework; sourceTree = BUILT_PRODUCTS_DIR; };
		CD1739C229B1E2EB00DE8DB3 /* Extension+String.swift */ = {isa = PBXFileReference; lastKnownFileType = sourcecode.swift; path = "Extension+String.swift"; sourceTree = "<group>"; };
		CD285484291A1C8700FBB914 /* ImageCollectionView.swift */ = {isa = PBXFileReference; lastKnownFileType = sourcecode.swift; path = ImageCollectionView.swift; sourceTree = "<group>"; };
		CD2D676A29129F5F00DF42D9 /* CollectionViewCell.swift */ = {isa = PBXFileReference; lastKnownFileType = sourcecode.swift; path = CollectionViewCell.swift; sourceTree = "<group>"; };
		CD2D676B29129F5F00DF42D9 /* CollectionViewCell.xib */ = {isa = PBXFileReference; lastKnownFileType = file.xib; path = CollectionViewCell.xib; sourceTree = "<group>"; };
		CD34A750291BD6E3001704CF /* ExpandableTableVC.swift */ = {isa = PBXFileReference; lastKnownFileType = sourcecode.swift; path = ExpandableTableVC.swift; sourceTree = "<group>"; };
		CD3DBAE5291E56D1002D7C96 /* ParentCell.swift */ = {isa = PBXFileReference; lastKnownFileType = sourcecode.swift; path = ParentCell.swift; sourceTree = "<group>"; };
		CD3DBAE7291E56E5002D7C96 /* ChildCell.swift */ = {isa = PBXFileReference; lastKnownFileType = sourcecode.swift; path = ChildCell.swift; sourceTree = "<group>"; };
		CD3DBAE9291E570A002D7C96 /* NestedTableViewVC.swift */ = {isa = PBXFileReference; lastKnownFileType = sourcecode.swift; path = NestedTableViewVC.swift; sourceTree = "<group>"; };
		CD3DBAEC291E5B2B002D7C96 /* CellData.swift */ = {isa = PBXFileReference; lastKnownFileType = sourcecode.swift; path = CellData.swift; sourceTree = "<group>"; };
		CD40722E29139180004F68A8 /* UPCarouselFlowLayout.swift */ = {isa = PBXFileReference; fileEncoding = 4; lastKnownFileType = sourcecode.swift; path = UPCarouselFlowLayout.swift; sourceTree = "<group>"; };
		CD407230291394C7004F68A8 /* StructCollection.swift */ = {isa = PBXFileReference; lastKnownFileType = sourcecode.swift; path = StructCollection.swift; sourceTree = "<group>"; };
		CD41B288290F9D4B004ACDD8 /* TabBarMainHome.swift */ = {isa = PBXFileReference; lastKnownFileType = sourcecode.swift; path = TabBarMainHome.swift; sourceTree = "<group>"; };
		CD4BA771291917C200ED0E05 /* dashBoardShortViewCell.swift */ = {isa = PBXFileReference; lastKnownFileType = sourcecode.swift; path = dashBoardShortViewCell.swift; sourceTree = "<group>"; };
		CD4BA77529193D5400ED0E05 /* CustomCollectionFlowLayout.swift */ = {isa = PBXFileReference; lastKnownFileType = sourcecode.swift; path = CustomCollectionFlowLayout.swift; sourceTree = "<group>"; };
		CD54F1842912387C00DEA682 /* Extension+UIViewWithIBDesign.swift */ = {isa = PBXFileReference; lastKnownFileType = sourcecode.swift; path = "Extension+UIViewWithIBDesign.swift"; sourceTree = "<group>"; };
		CD54F186291240E900DEA682 /* Extension+UIView.swift */ = {isa = PBXFileReference; lastKnownFileType = sourcecode.swift; path = "Extension+UIView.swift"; sourceTree = "<group>"; };
		CD6D902B291CCA54005BD01A /* ExpandableViewCell.swift */ = {isa = PBXFileReference; lastKnownFileType = sourcecode.swift; path = ExpandableViewCell.swift; sourceTree = "<group>"; };
		CD7E484A290D2BFE00C7CE1B /* TabBarDemoVC.swift */ = {isa = PBXFileReference; lastKnownFileType = sourcecode.swift; path = TabBarDemoVC.swift; sourceTree = "<group>"; };
		CD9CF43029AE2CFF0043624D /* ContactDetailsVC.swift */ = {isa = PBXFileReference; lastKnownFileType = sourcecode.swift; path = ContactDetailsVC.swift; sourceTree = "<group>"; };
		CDA2AC5C29092D8500F5917C /* BottomSheetVC.swift */ = {isa = PBXFileReference; lastKnownFileType = sourcecode.swift; path = BottomSheetVC.swift; sourceTree = "<group>"; };
		CDA2AC5F29093DEF00F5917C /* SwiftUIView.swift */ = {isa = PBXFileReference; lastKnownFileType = sourcecode.swift; path = SwiftUIView.swift; sourceTree = "<group>"; };
		CDA2AC622909439D00F5917C /* ContentView.swift */ = {isa = PBXFileReference; lastKnownFileType = sourcecode.swift; path = ContentView.swift; sourceTree = "<group>"; };
		CDA2AC64290944A400F5917C /* ViewA.swift */ = {isa = PBXFileReference; lastKnownFileType = sourcecode.swift; path = ViewA.swift; sourceTree = "<group>"; };
		CDA2AC66290944BE00F5917C /* ViewB.swift */ = {isa = PBXFileReference; lastKnownFileType = sourcecode.swift; path = ViewB.swift; sourceTree = "<group>"; };
		CDA2AC68290944CF00F5917C /* ViewC.swift */ = {isa = PBXFileReference; lastKnownFileType = sourcecode.swift; path = ViewC.swift; sourceTree = "<group>"; };
		CDCE14FF2858955600D9CDF5 /* Razorpay.xcframework */ = {isa = PBXFileReference; lastKnownFileType = wrapper.xcframework; name = Razorpay.xcframework; path = "Pods/razorpay-pod/Pod/Razorpay.xcframework"; sourceTree = "<group>"; };
		CDDB86402A1DD35500D1C002 /* DemoView1.swift */ = {isa = PBXFileReference; lastKnownFileType = sourcecode.swift; path = DemoView1.swift; sourceTree = "<group>"; };
		CDDB86422A1DD37300D1C002 /* DemoSwiftUIView1.swift */ = {isa = PBXFileReference; lastKnownFileType = sourcecode.swift; path = DemoSwiftUIView1.swift; sourceTree = "<group>"; };
		CDDB86462A1DE89100D1C002 /* IQTextView.swift */ = {isa = PBXFileReference; fileEncoding = 4; lastKnownFileType = sourcecode.swift; path = IQTextView.swift; sourceTree = "<group>"; };
		CDDB86472A1DE89100D1C002 /* IQKeyboardManager+Internal.swift */ = {isa = PBXFileReference; fileEncoding = 4; lastKnownFileType = sourcecode.swift; path = "IQKeyboardManager+Internal.swift"; sourceTree = "<group>"; };
		CDDB86492A1DE89100D1C002 /* IQPreviousNextView.swift */ = {isa = PBXFileReference; fileEncoding = 4; lastKnownFileType = sourcecode.swift; path = IQPreviousNextView.swift; sourceTree = "<group>"; };
		CDDB864A2A1DE89100D1C002 /* IQTitleBarButtonItem.swift */ = {isa = PBXFileReference; fileEncoding = 4; lastKnownFileType = sourcecode.swift; path = IQTitleBarButtonItem.swift; sourceTree = "<group>"; };
		CDDB864B2A1DE89100D1C002 /* IQBarButtonItem.swift */ = {isa = PBXFileReference; fileEncoding = 4; lastKnownFileType = sourcecode.swift; path = IQBarButtonItem.swift; sourceTree = "<group>"; };
		CDDB864C2A1DE89100D1C002 /* IQToolbar.swift */ = {isa = PBXFileReference; fileEncoding = 4; lastKnownFileType = sourcecode.swift; path = IQToolbar.swift; sourceTree = "<group>"; };
		CDDB864D2A1DE89100D1C002 /* IQUIView+IQKeyboardToolbar.swift */ = {isa = PBXFileReference; fileEncoding = 4; lastKnownFileType = sourcecode.swift; path = "IQUIView+IQKeyboardToolbar.swift"; sourceTree = "<group>"; };
		CDDB864E2A1DE89100D1C002 /* IQInvocation.swift */ = {isa = PBXFileReference; fileEncoding = 4; lastKnownFileType = sourcecode.swift; path = IQInvocation.swift; sourceTree = "<group>"; };
		CDDB864F2A1DE89100D1C002 /* IQKeyboardManager+UIKeyboardNotification.swift */ = {isa = PBXFileReference; fileEncoding = 4; lastKnownFileType = sourcecode.swift; path = "IQKeyboardManager+UIKeyboardNotification.swift"; sourceTree = "<group>"; };
		CDDB86512A1DE89100D1C002 /* IQKeyboardManagerConstantsInternal.swift */ = {isa = PBXFileReference; fileEncoding = 4; lastKnownFileType = sourcecode.swift; path = IQKeyboardManagerConstantsInternal.swift; sourceTree = "<group>"; };
		CDDB86522A1DE89100D1C002 /* IQKeyboardManagerConstants.swift */ = {isa = PBXFileReference; fileEncoding = 4; lastKnownFileType = sourcecode.swift; path = IQKeyboardManagerConstants.swift; sourceTree = "<group>"; };
		CDDB86532A1DE89100D1C002 /* IQKeyboardManager+Position.swift */ = {isa = PBXFileReference; fileEncoding = 4; lastKnownFileType = sourcecode.swift; path = "IQKeyboardManager+Position.swift"; sourceTree = "<group>"; };
		CDDB86542A1DE89100D1C002 /* IQKeyboardReturnKeyHandler.swift */ = {isa = PBXFileReference; fileEncoding = 4; lastKnownFileType = sourcecode.swift; path = IQKeyboardReturnKeyHandler.swift; sourceTree = "<group>"; };
		CDDB86552A1DE89100D1C002 /* IQKeyboardManager.swift */ = {isa = PBXFileReference; fileEncoding = 4; lastKnownFileType = sourcecode.swift; path = IQKeyboardManager.swift; sourceTree = "<group>"; };
		CDDB86562A1DE89100D1C002 /* IQKeyboardManager+Debug.swift */ = {isa = PBXFileReference; fileEncoding = 4; lastKnownFileType = sourcecode.swift; path = "IQKeyboardManager+Debug.swift"; sourceTree = "<group>"; };
		CDDB86572A1DE89100D1C002 /* IQKeyboardManager+OrientationNotification.swift */ = {isa = PBXFileReference; fileEncoding = 4; lastKnownFileType = sourcecode.swift; path = "IQKeyboardManager+OrientationNotification.swift"; sourceTree = "<group>"; };
		CDDB86582A1DE89100D1C002 /* IQKeyboardManager+Toolbar.swift */ = {isa = PBXFileReference; fileEncoding = 4; lastKnownFileType = sourcecode.swift; path = "IQKeyboardManager+Toolbar.swift"; sourceTree = "<group>"; };
		CDDB86592A1DE89100D1C002 /* IQKeyboardManagerSwift.h */ = {isa = PBXFileReference; fileEncoding = 4; lastKnownFileType = sourcecode.c.h; path = IQKeyboardManagerSwift.h; sourceTree = "<group>"; };
		CDDB865B2A1DE89100D1C002 /* IQUIScrollView+Additions.swift */ = {isa = PBXFileReference; fileEncoding = 4; lastKnownFileType = sourcecode.swift; path = "IQUIScrollView+Additions.swift"; sourceTree = "<group>"; };
		CDDB865C2A1DE89100D1C002 /* IQUIViewController+Additions.swift */ = {isa = PBXFileReference; fileEncoding = 4; lastKnownFileType = sourcecode.swift; path = "IQUIViewController+Additions.swift"; sourceTree = "<group>"; };
		CDDB865D2A1DE89100D1C002 /* IQUITextFieldView+Additions.swift */ = {isa = PBXFileReference; fileEncoding = 4; lastKnownFileType = sourcecode.swift; path = "IQUITextFieldView+Additions.swift"; sourceTree = "<group>"; };
		CDDB865E2A1DE89100D1C002 /* IQUIView+Hierarchy.swift */ = {isa = PBXFileReference; fileEncoding = 4; lastKnownFileType = sourcecode.swift; path = "IQUIView+Hierarchy.swift"; sourceTree = "<group>"; };
		CDDB865F2A1DE89100D1C002 /* IQNSArray+Sort.swift */ = {isa = PBXFileReference; fileEncoding = 4; lastKnownFileType = sourcecode.swift; path = "IQNSArray+Sort.swift"; sourceTree = "<group>"; };
		CDDB86602A1DE89100D1C002 /* IQKeyboardManager+UITextFieldViewNotification.swift */ = {isa = PBXFileReference; fileEncoding = 4; lastKnownFileType = sourcecode.swift; path = "IQKeyboardManager+UITextFieldViewNotification.swift"; sourceTree = "<group>"; };
		CDDF4F962A1B975400D6438A /* DemoLoginVC.swift */ = {isa = PBXFileReference; lastKnownFileType = sourcecode.swift; path = DemoLoginVC.swift; sourceTree = "<group>"; };
/* End PBXFileReference section */

/* Begin PBXFrameworksBuildPhase section */
		B29D505C25EA7639002CC586 /* Frameworks */ = {
			isa = PBXFrameworksBuildPhase;
			buildActionMask = 2147483647;
			files = (
				165F8B21F93DBF712572F287 /* Pods_DemoProject.framework in Frameworks */,
				B2AE2AEA25FB8D3C000E7710 /* Alamofire in Frameworks */,
			);
			runOnlyForDeploymentPostprocessing = 0;
		};
/* End PBXFrameworksBuildPhase section */

/* Begin PBXGroup section */
		48FB069446F2D56EC25C3C61 /* Frameworks */ = {
			isa = PBXGroup;
			children = (
				CDCE14FF2858955600D9CDF5 /* Razorpay.xcframework */,
				B6A0BF1A45371050EF6B52D8 /* Pods_DemoProject.framework */,
			);
			name = Frameworks;
			sourceTree = "<group>";
		};
		83738C1A4E2D57FB4D0C4790 /* Pods */ = {
			isa = PBXGroup;
			children = (
				3DA8F55107928F896886388B /* Pods-DemoProject.debug.xcconfig */,
				2DE43D00A7788C9EDD1D6BEE /* Pods-DemoProject.release.xcconfig */,
			);
			path = Pods;
			sourceTree = "<group>";
		};
		B202A8B3260B282600962931 /* ResponseModel */ = {
			isa = PBXGroup;
			children = (
				B2B7FECF25FF76D4001B6514 /* LoginResponse.swift */,
			);
			path = ResponseModel;
			sourceTree = "<group>";
		};
		B202A8B6260B2B5D00962931 /* Delegate */ = {
			isa = PBXGroup;
			children = (
				B29D506225EA7639002CC586 /* AppDelegate.swift */,
			);
			path = Delegate;
			sourceTree = "<group>";
		};
		B22C10B32690CAF200DCFD4C /* xib */ = {
			isa = PBXGroup;
			children = (
				B2FA8A0E2691A13500A02640 /* TestView.xib */,
				B2FA8A102691A20900A02640 /* TestVew.swift */,
				B2C3CB8F278160DE00E1D518 /* AppBarView.xib */,
				B2C3CB91278160FE00E1D518 /* AppBarView.swift */,
			);
			path = xib;
			sourceTree = "<group>";
		};
		B22C10B42690CB0600DCFD4C /* storyboard */ = {
			isa = PBXGroup;
			children = (
				B29D506825EA7639002CC586 /* Main.storyboard */,
				B2507F3F270D98D2009C6DE8 /* HomeModule.storyboard */,
			);
			path = storyboard;
			sourceTree = "<group>";
		};
		B24C7D98268464D10014342F /* bannerSlider */ = {
			isa = PBXGroup;
			children = (
				B24C7D992684657F0014342F /* bannerSliderCollViewCell.swift */,
			);
			path = bannerSlider;
			sourceTree = "<group>";
		};
		B256FBD02763CCDC00C53B03 /* HomeVC */ = {
			isa = PBXGroup;
			children = (
				CD285483291A1C6900FBB914 /* CustomCollectionView */,
				B29C09F02689B43F00967F5A /* TabBarHomeVC */,
				B2C89A8D27651E8A00F0B04E /* ScrollDemoVC.swift */,
				B2C342342768A3590069D0A2 /* ScrollViewDemoVC2.swift */,
				B2A79F162771A7E300A87370 /* ScrollDemoVC2TVCell.swift */,
				B2C89A8B27651DC500F0B04E /* HomeVC.swift */,
				B2C89A8F27651EBD00F0B04E /* DynamicLabelVC.swift */,
			);
			path = HomeVC;
			sourceTree = "<group>";
		};
		B27A2B4B25FB4146002CF4F8 /* Constant */ = {
			isa = PBXGroup;
			children = (
				B27A2B4C25FB41BB002CF4F8 /* Constant.swift */,
				B2946EE8268641A900F6655E /* Connectivity.swift */,
				B2B67BAA2687669E00999FAD /* UserDefault.swift */,
			);
			path = Constant;
			sourceTree = "<group>";
		};
		B27A2B4E25FB4F6B002CF4F8 /* Model */ = {
			isa = PBXGroup;
			children = (
				CD3DBAEB291E5B01002D7C96 /* ExpandableModel */,
				B2AE2AEE25FB9176000E7710 /* LoginModel.swift */,
				B202A8B4260B287E00962931 /* MenuModel.swift */,
				B202A8B3260B282600962931 /* ResponseModel */,
			);
			path = Model;
			sourceTree = "<group>";
		};
		B290B6362603CCFE008602A2 /* ViewController */ = {
			isa = PBXGroup;
			children = (
				CD9CF42F29AE2CDA0043624D /* GetContactDetails */,
				CD3DBAE4291E551F002D7C96 /* NestedTableView */,
				CD34A74F291BD67D001704CF /* ExpandableTableView */,
				CD41B287290F9CE7004ACDD8 /* TabbarMainHome */,
				CD7E4849290D2BBF00C7CE1B /* TabbarViaCode */,
				B256FBD02763CCDC00C53B03 /* HomeVC */,
				B2F389BD2743EB89007B137E /* webView */,
				B24C7D98268464D10014342F /* bannerSlider */,
				CDA2AC5B29092D2C00F5917C /* BottomSheet */,
				B293C1DC260A006500263C10 /* SideMenu */,
				B29D506625EA7639002CC586 /* LoginVC.swift */,
				B2CB774E2760927400870417 /* TableViewDemoVC.swift */,
			);
			path = ViewController;
			sourceTree = "<group>";
		};
		B2915B442699903800DECE41 /* Reachability */ = {
			isa = PBXGroup;
			children = (
				B2915B452699904400DECE41 /* Reachability.swift */,
			);
			path = Reachability;
			sourceTree = "<group>";
		};
		B2915B472699BF2B00DECE41 /* AlertDialog */ = {
			isa = PBXGroup;
			children = (
				B2915B482699BF8B00DECE41 /* customAlert.storyboard */,
				B2915B4A2699C00B00DECE41 /* customAlertVC.swift */,
			);
			path = AlertDialog;
			sourceTree = "<group>";
		};
		B293C1DC260A006500263C10 /* SideMenu */ = {
			isa = PBXGroup;
			children = (
				B202A8B7260B2D3900962931 /* MenuDb.swift */,
				B202A8B9260B3DE200962931 /* SideMenuTableViewCell.swift */,
				B202A8BB260B433C00962931 /* SlideMenuVC.swift */,
			);
			path = SideMenu;
			sourceTree = "<group>";
		};
		B29C09F02689B43F00967F5A /* TabBarHomeVC */ = {
			isa = PBXGroup;
			children = (
				CD40722E29139180004F68A8 /* UPCarouselFlowLayout.swift */,
				CD40722D2913904C004F68A8 /* CollectionViewForHistory */,
				B22C10AB269051B100DCFD4C /* HistoryVC.swift */,
				B22C10AD2690609D00DCFD4C /* MoneyVC.swift */,
				B22C10AF269060B300DCFD4C /* AddVC.swift */,
				B22C10B1269060CD00DCFD4C /* NotificationVC.swift */,
			);
			path = TabBarHomeVC;
			sourceTree = "<group>";
		};
		B29D505625EA7639002CC586 = {
			isa = PBXGroup;
			children = (
				B29D506125EA7639002CC586 /* DemoProject */,
				B29D506025EA7639002CC586 /* Products */,
				83738C1A4E2D57FB4D0C4790 /* Pods */,
				48FB069446F2D56EC25C3C61 /* Frameworks */,
			);
			sourceTree = "<group>";
		};
		B29D506025EA7639002CC586 /* Products */ = {
			isa = PBXGroup;
			children = (
				B29D505F25EA7639002CC586 /* Food Corner.app */,
			);
			name = Products;
			sourceTree = "<group>";
		};
		B29D506125EA7639002CC586 /* DemoProject */ = {
			isa = PBXGroup;
			children = (
				B202A8B6260B2B5D00962931 /* Delegate */,
				B29D506B25EA763B002CC586 /* Assets.xcassets */,
				CDDB86442A1DE89100D1C002 /* IQKeyboardManagerSwift */,
				B2CB77532760B8F600870417 /* Module */,
				B2F389C02743F0DA007B137E /* html */,
				B27A2B4B25FB4146002CF4F8 /* Constant */,
				B2A74BBE269B53A300C0EE97 /* Utils  (NOT IN USED) */,
				B2915B472699BF2B00DECE41 /* AlertDialog */,
				B2C5F5FF2605CFC60020EB9C /* Extension */,
				B2915B442699903800DECE41 /* Reachability */,
				B2FA8A0826918E5B00A02640 /* CustomModule */,
				B2AE2AEB25FB8D67000E7710 /* APIManager */,
				B29D506D25EA763B002CC586 /* LaunchScreen.storyboard */,
				B29D507025EA763B002CC586 /* Info.plist */,
				B2BD1EA12615C1B2002F14D4 /* NoteAndRefrence.swift */,
			);
			path = DemoProject;
			sourceTree = "<group>";
		};
		B2A74BBE269B53A300C0EE97 /* Utils  (NOT IN USED) */ = {
			isa = PBXGroup;
			children = (
				B2A74BBF269B53A300C0EE97 /* Once.swift */,
				B2D7A5EB26A07E0E00A97A6D /* Switcher.swift */,
				B2A74BC2269B53A300C0EE97 /* Constraints.swift */,
				B2A74BC8269B53A300C0EE97 /* EventHub.swift */,
				B2A74BC9269B53A300C0EE97 /* GalleryBundle.swift */,
				B2A74BCA269B53A300C0EE97 /* Config.swift */,
				B2A74BCB269B53A300C0EE97 /* Extensions */,
				B2A74BD3269B53A300C0EE97 /* View */,
				B2A74BD9269B53A300C0EE97 /* Fetcher.swift */,
				B2A74BDA269B53A300C0EE97 /* Utils.swift */,
				B2A74BDB269B53A300C0EE97 /* Permission */,
				B2A74BDF269B53A300C0EE97 /* LocationManager.swift */,
				B2A74BE0269B53A300C0EE97 /* Pages */,
			);
			path = "Utils  (NOT IN USED)";
			sourceTree = "<group>";
		};
		B2A74BCB269B53A300C0EE97 /* Extensions */ = {
			isa = PBXGroup;
			children = (
				B2A74BCC269B53A300C0EE97 /* Array+Extensions.swift */,
				B2A74BCD269B53A300C0EE97 /* UIImageView+Extensions.swift */,
				B2A74BCE269B53A300C0EE97 /* UIViewController+Extensions.swift */,
				B2A74BCF269B53A300C0EE97 /* UIView+Extensions.swift */,
				B2A74BD0269B53A300C0EE97 /* String+Extensions.swift */,
				B2A74BD1269B53A300C0EE97 /* AVAsset+Extensions.swift */,
				B2A74BD2269B53A300C0EE97 /* UIScrollView+Extensions.swift */,
			);
			path = Extensions;
			sourceTree = "<group>";
		};
		B2A74BD3269B53A300C0EE97 /* View */ = {
			isa = PBXGroup;
			children = (
				B2A74BD4269B53A300C0EE97 /* EmptyView.swift */,
				B2A74BD5269B53A300C0EE97 /* FrameView.swift */,
				B2A74BD7269B53A300C0EE97 /* ArrowButton.swift */,
				B2A74BD8269B53A300C0EE97 /* GridView.swift */,
			);
			path = View;
			sourceTree = "<group>";
		};
		B2A74BDB269B53A300C0EE97 /* Permission */ = {
			isa = PBXGroup;
			children = (
				B2A74BDC269B53A300C0EE97 /* Permission.swift */,
				B2A74BDD269B53A300C0EE97 /* PermissionView.swift */,
				B2A74BDE269B53A300C0EE97 /* PermissionController.swift */,
			);
			path = Permission;
			sourceTree = "<group>";
		};
		B2A74BE0269B53A300C0EE97 /* Pages */ = {
			isa = PBXGroup;
			children = (
				B2A74BE1269B53A300C0EE97 /* PagesController.swift */,
				B2A74BE2269B53A300C0EE97 /* PageIndicator.swift */,
			);
			path = Pages;
			sourceTree = "<group>";
		};
		B2AE2AEB25FB8D67000E7710 /* APIManager */ = {
			isa = PBXGroup;
			children = (
				B2AE2AEC25FB8DE2000E7710 /* APILoginManger.swift */,
			);
			path = APIManager;
			sourceTree = "<group>";
		};
		B2BD1EA02615C17E002F14D4 /* TabbarMenu */ = {
			isa = PBXGroup;
			children = (
				B2D2DFD6260F329A0046A01E /* CAPSPageMenu.swift */,
			);
			path = TabbarMenu;
			sourceTree = "<group>";
		};
		B2C5F5FF2605CFC60020EB9C /* Extension */ = {
			isa = PBXGroup;
			children = (
				B2A74C03269B554700C0EE97 /* UIColor.swift */,
				B2A74C01269B553C00C0EE97 /* UIBlurEffect+Style.swift */,
				B2C5F6002605D0C50020EB9C /* Extension+UIViewController.swift */,
				B2BDBBA726089ACF00B0DEA9 /* Extension+UITextField.swift */,
				B2B67BA82687640400999FAD /* Extension+UIApplication.swift */,
				B28BDBB22701BB6D00C5DE95 /* Extension+Notification.swift */,
				B2A4394127676B3000D9374A /* Extension+ScrollView.swift */,
				CD54F1842912387C00DEA682 /* Extension+UIViewWithIBDesign.swift */,
				CD54F186291240E900DEA682 /* Extension+UIView.swift */,
				CD1739C229B1E2EB00DE8DB3 /* Extension+String.swift */,
			);
			path = Extension;
			sourceTree = "<group>";
		};
		B2CB77502760AF9200870417 /* BuisinessModule */ = {
			isa = PBXGroup;
			children = (
				B2CB77512760AFB200870417 /* storyboard */,
				B2CB77522760B08400870417 /* ViewController */,
			);
			path = BuisinessModule;
			sourceTree = "<group>";
		};
		B2CB77512760AFB200870417 /* storyboard */ = {
			isa = PBXGroup;
			children = (
				B2CB774C276085D600870417 /* BuisinessModule.storyboard */,
			);
			path = storyboard;
			sourceTree = "<group>";
		};
		B2CB77522760B08400870417 /* ViewController */ = {
			isa = PBXGroup;
			children = (
				B2A79F182771B41C00A87370 /* BasicTableViewCell.swift */,
				B2A79F1A2771B44E00A87370 /* BaicTableDemoVC.swift */,
				B2A79F202771F48200A87370 /* ScrollWithTableVC.swift */,
				B2A79F222771F4A400A87370 /* ScrollWithTableViewCell.swift */,
				CDDF4F962A1B975400D6438A /* DemoLoginVC.swift */,
			);
			path = ViewController;
			sourceTree = "<group>";
		};
		B2CB77532760B8F600870417 /* Module */ = {
			isa = PBXGroup;
			children = (
				CDA2AC5E29093DB200F5917C /* SwiftUI */,
				B2FA8A0D2691909800A02640 /* HomeModule */,
				B2CB77502760AF9200870417 /* BuisinessModule */,
			);
			path = Module;
			sourceTree = "<group>";
		};
		B2F389BD2743EB89007B137E /* webView */ = {
			isa = PBXGroup;
			children = (
				B2F389BE2743EBCA007B137E /* CommonWebVC.swift */,
				B2F389C3274419A1007B137E /* WebViewVC.swift */,
			);
			path = webView;
			sourceTree = "<group>";
		};
		B2F389C02743F0DA007B137E /* html */ = {
			isa = PBXGroup;
			children = (
				B2F389C5274423F5007B137E /* index1.html */,
				B2F389C12743F1DA007B137E /* index.html */,
			);
			path = html;
			sourceTree = "<group>";
		};
		B2FA8A0826918E5B00A02640 /* CustomModule */ = {
			isa = PBXGroup;
			children = (
				B2BD1EA02615C17E002F14D4 /* TabbarMenu */,
				B22C10B32690CAF200DCFD4C /* xib */,
				B2FA8A0A26918E8300A02640 /* storyboard */,
				B2FA8A0926918E7000A02640 /* VC */,
			);
			path = CustomModule;
			sourceTree = "<group>";
		};
		B2FA8A0926918E7000A02640 /* VC */ = {
			isa = PBXGroup;
			children = (
				B2FA8A0B26918ECD00A02640 /* CustomVC.swift */,
			);
			path = VC;
			sourceTree = "<group>";
		};
		B2FA8A0A26918E8300A02640 /* storyboard */ = {
			isa = PBXGroup;
			children = (
				B22C10BA2690D34E00DCFD4C /* custom.storyboard */,
			);
			path = storyboard;
			sourceTree = "<group>";
		};
		B2FA8A0D2691909800A02640 /* HomeModule */ = {
			isa = PBXGroup;
			children = (
				B27A2B4E25FB4F6B002CF4F8 /* Model */,
				B22C10B42690CB0600DCFD4C /* storyboard */,
				B290B6362603CCFE008602A2 /* ViewController */,
			);
			path = HomeModule;
			sourceTree = "<group>";
		};
		CD285483291A1C6900FBB914 /* CustomCollectionView */ = {
			isa = PBXGroup;
			children = (
				CD285484291A1C8700FBB914 /* ImageCollectionView.swift */,
			);
			path = CustomCollectionView;
			sourceTree = "<group>";
		};
		CD34A74F291BD67D001704CF /* ExpandableTableView */ = {
			isa = PBXGroup;
			children = (
				CD34A750291BD6E3001704CF /* ExpandableTableVC.swift */,
				CD6D902B291CCA54005BD01A /* ExpandableViewCell.swift */,
			);
			path = ExpandableTableView;
			sourceTree = "<group>";
		};
		CD3DBAE4291E551F002D7C96 /* NestedTableView */ = {
			isa = PBXGroup;
			children = (
				CD3DBAE5291E56D1002D7C96 /* ParentCell.swift */,
				CD3DBAE7291E56E5002D7C96 /* ChildCell.swift */,
				CD3DBAE9291E570A002D7C96 /* NestedTableViewVC.swift */,
			);
			path = NestedTableView;
			sourceTree = "<group>";
		};
		CD3DBAEB291E5B01002D7C96 /* ExpandableModel */ = {
			isa = PBXGroup;
			children = (
				CD3DBAEC291E5B2B002D7C96 /* CellData.swift */,
			);
			path = ExpandableModel;
			sourceTree = "<group>";
		};
		CD40722D2913904C004F68A8 /* CollectionViewForHistory */ = {
			isa = PBXGroup;
			children = (
				CD2D676A29129F5F00DF42D9 /* CollectionViewCell.swift */,
				CD2D676B29129F5F00DF42D9 /* CollectionViewCell.xib */,
				CD407230291394C7004F68A8 /* StructCollection.swift */,
				CD4BA771291917C200ED0E05 /* dashBoardShortViewCell.swift */,
				CD4BA77529193D5400ED0E05 /* CustomCollectionFlowLayout.swift */,
			);
			path = CollectionViewForHistory;
			sourceTree = "<group>";
		};
		CD41B287290F9CE7004ACDD8 /* TabbarMainHome */ = {
			isa = PBXGroup;
			children = (
				CD41B288290F9D4B004ACDD8 /* TabBarMainHome.swift */,
			);
			path = TabbarMainHome;
			sourceTree = "<group>";
		};
		CD7E4849290D2BBF00C7CE1B /* TabbarViaCode */ = {
			isa = PBXGroup;
			children = (
				CD7E484A290D2BFE00C7CE1B /* TabBarDemoVC.swift */,
			);
			path = TabbarViaCode;
			sourceTree = "<group>";
		};
		CD9CF42F29AE2CDA0043624D /* GetContactDetails */ = {
			isa = PBXGroup;
			children = (
				CD9CF43029AE2CFF0043624D /* ContactDetailsVC.swift */,
			);
			path = GetContactDetails;
			sourceTree = "<group>";
		};
		CDA2AC5B29092D2C00F5917C /* BottomSheet */ = {
			isa = PBXGroup;
			children = (
				CDA2AC5C29092D8500F5917C /* BottomSheetVC.swift */,
			);
			path = BottomSheet;
			sourceTree = "<group>";
		};
		CDA2AC5E29093DB200F5917C /* SwiftUI */ = {
			isa = PBXGroup;
			children = (
				CDDB863D2A1DD2F900D1C002 /* Demo */,
				CDA2AC612909430E00F5917C /* bottomTabBar */,
				CDA2AC5F29093DEF00F5917C /* SwiftUIView.swift */,
			);
			path = SwiftUI;
			sourceTree = "<group>";
		};
		CDA2AC612909430E00F5917C /* bottomTabBar */ = {
			isa = PBXGroup;
			children = (
				CDA2AC622909439D00F5917C /* ContentView.swift */,
				CDA2AC64290944A400F5917C /* ViewA.swift */,
				CDA2AC66290944BE00F5917C /* ViewB.swift */,
				CDA2AC68290944CF00F5917C /* ViewC.swift */,
			);
			path = bottomTabBar;
			sourceTree = "<group>";
		};
		CDDB863D2A1DD2F900D1C002 /* Demo */ = {
			isa = PBXGroup;
			children = (
				CDDB86402A1DD35500D1C002 /* DemoView1.swift */,
				CDDB86422A1DD37300D1C002 /* DemoSwiftUIView1.swift */,
			);
			path = Demo;
			sourceTree = "<group>";
		};
		CDDB86442A1DE89100D1C002 /* IQKeyboardManagerSwift */ = {
			isa = PBXGroup;
			children = (
				CDDB86452A1DE89100D1C002 /* IQTextView */,
				CDDB86472A1DE89100D1C002 /* IQKeyboardManager+Internal.swift */,
				CDDB86482A1DE89100D1C002 /* IQToolbar */,
				CDDB864F2A1DE89100D1C002 /* IQKeyboardManager+UIKeyboardNotification.swift */,
				CDDB86502A1DE89100D1C002 /* Constants */,
				CDDB86532A1DE89100D1C002 /* IQKeyboardManager+Position.swift */,
				CDDB86542A1DE89100D1C002 /* IQKeyboardReturnKeyHandler.swift */,
				CDDB86552A1DE89100D1C002 /* IQKeyboardManager.swift */,
				CDDB86562A1DE89100D1C002 /* IQKeyboardManager+Debug.swift */,
				CDDB86572A1DE89100D1C002 /* IQKeyboardManager+OrientationNotification.swift */,
				CDDB86582A1DE89100D1C002 /* IQKeyboardManager+Toolbar.swift */,
				CDDB86592A1DE89100D1C002 /* IQKeyboardManagerSwift.h */,
				CDDB865A2A1DE89100D1C002 /* Categories */,
				CDDB86602A1DE89100D1C002 /* IQKeyboardManager+UITextFieldViewNotification.swift */,
			);
			path = IQKeyboardManagerSwift;
			sourceTree = "<group>";
		};
		CDDB86452A1DE89100D1C002 /* IQTextView */ = {
			isa = PBXGroup;
			children = (
				CDDB86462A1DE89100D1C002 /* IQTextView.swift */,
			);
			path = IQTextView;
			sourceTree = "<group>";
		};
		CDDB86482A1DE89100D1C002 /* IQToolbar */ = {
			isa = PBXGroup;
			children = (
				CDDB86492A1DE89100D1C002 /* IQPreviousNextView.swift */,
				CDDB864A2A1DE89100D1C002 /* IQTitleBarButtonItem.swift */,
				CDDB864B2A1DE89100D1C002 /* IQBarButtonItem.swift */,
				CDDB864C2A1DE89100D1C002 /* IQToolbar.swift */,
				CDDB864D2A1DE89100D1C002 /* IQUIView+IQKeyboardToolbar.swift */,
				CDDB864E2A1DE89100D1C002 /* IQInvocation.swift */,
			);
			path = IQToolbar;
			sourceTree = "<group>";
		};
		CDDB86502A1DE89100D1C002 /* Constants */ = {
			isa = PBXGroup;
			children = (
				CDDB86512A1DE89100D1C002 /* IQKeyboardManagerConstantsInternal.swift */,
				CDDB86522A1DE89100D1C002 /* IQKeyboardManagerConstants.swift */,
			);
			path = Constants;
			sourceTree = "<group>";
		};
		CDDB865A2A1DE89100D1C002 /* Categories */ = {
			isa = PBXGroup;
			children = (
				CDDB865B2A1DE89100D1C002 /* IQUIScrollView+Additions.swift */,
				CDDB865C2A1DE89100D1C002 /* IQUIViewController+Additions.swift */,
				CDDB865D2A1DE89100D1C002 /* IQUITextFieldView+Additions.swift */,
				CDDB865E2A1DE89100D1C002 /* IQUIView+Hierarchy.swift */,
				CDDB865F2A1DE89100D1C002 /* IQNSArray+Sort.swift */,
			);
			path = Categories;
			sourceTree = "<group>";
		};
/* End PBXGroup section */

/* Begin PBXNativeTarget section */
		B29D505E25EA7639002CC586 /* DemoProject */ = {
			isa = PBXNativeTarget;
			buildConfigurationList = B29D507325EA763B002CC586 /* Build configuration list for PBXNativeTarget "DemoProject" */;
			buildPhases = (
				9581806153EF5A5D8A9B4C3B /* [CP] Check Pods Manifest.lock */,
				B29D505B25EA7639002CC586 /* Sources */,
				B29D505C25EA7639002CC586 /* Frameworks */,
				B29D505D25EA7639002CC586 /* Resources */,
				1C72BC84F8D3592DCFE5B6D0 /* [CP] Embed Pods Frameworks */,
			);
			buildRules = (
			);
			dependencies = (
			);
			name = DemoProject;
			packageProductDependencies = (
				B2AE2AE925FB8D3C000E7710 /* Alamofire */,
			);
			productName = DemoProject;
			productReference = B29D505F25EA7639002CC586 /* Food Corner.app */;
			productType = "com.apple.product-type.application";
		};
/* End PBXNativeTarget section */

/* Begin PBXProject section */
		B29D505725EA7639002CC586 /* Project object */ = {
			isa = PBXProject;
			attributes = {
				LastSwiftUpdateCheck = 1160;
				LastUpgradeCheck = 1160;
				ORGANIZATIONNAME = "Nilesh Birhade";
				TargetAttributes = {
					B29D505E25EA7639002CC586 = {
						CreatedOnToolsVersion = 11.6;
					};
				};
			};
			buildConfigurationList = B29D505A25EA7639002CC586 /* Build configuration list for PBXProject "DemoProject" */;
			compatibilityVersion = "Xcode 9.3";
			developmentRegion = en;
			hasScannedForEncodings = 0;
			knownRegions = (
				en,
				Base,
			);
			mainGroup = B29D505625EA7639002CC586;
			packageReferences = (
				B2AE2AE825FB8D3C000E7710 /* XCRemoteSwiftPackageReference "Alamofire" */,
			);
			productRefGroup = B29D506025EA7639002CC586 /* Products */;
			projectDirPath = "";
			projectRoot = "";
			targets = (
				B29D505E25EA7639002CC586 /* DemoProject */,
			);
		};
/* End PBXProject section */

/* Begin PBXResourcesBuildPhase section */
		B29D505D25EA7639002CC586 /* Resources */ = {
			isa = PBXResourcesBuildPhase;
			buildActionMask = 2147483647;
			files = (
				B2CB774D276085D600870417 /* BuisinessModule.storyboard in Resources */,
				B29D506F25EA763B002CC586 /* LaunchScreen.storyboard in Resources */,
				CD2D676D29129F5F00DF42D9 /* CollectionViewCell.xib in Resources */,
				B29D506C25EA763B002CC586 /* Assets.xcassets in Resources */,
				B29D506A25EA7639002CC586 /* Main.storyboard in Resources */,
				B2C3CB90278160DE00E1D518 /* AppBarView.xib in Resources */,
				B2FA8A0F2691A13500A02640 /* TestView.xib in Resources */,
				B2507F40270D98D2009C6DE8 /* HomeModule.storyboard in Resources */,
				B2915B492699BF8C00DECE41 /* customAlert.storyboard in Resources */,
				B22C10BB2690D34E00DCFD4C /* custom.storyboard in Resources */,
				B2F389C22743F1DA007B137E /* index.html in Resources */,
				B2F389C6274423F5007B137E /* index1.html in Resources */,
			);
			runOnlyForDeploymentPostprocessing = 0;
		};
/* End PBXResourcesBuildPhase section */

/* Begin PBXShellScriptBuildPhase section */
		1C72BC84F8D3592DCFE5B6D0 /* [CP] Embed Pods Frameworks */ = {
			isa = PBXShellScriptBuildPhase;
			buildActionMask = 2147483647;
			files = (
			);
			inputFileListPaths = (
				"${PODS_ROOT}/Target Support Files/Pods-DemoProject/Pods-DemoProject-frameworks-${CONFIGURATION}-input-files.xcfilelist",
			);
			name = "[CP] Embed Pods Frameworks";
			outputFileListPaths = (
				"${PODS_ROOT}/Target Support Files/Pods-DemoProject/Pods-DemoProject-frameworks-${CONFIGURATION}-output-files.xcfilelist",
			);
			runOnlyForDeploymentPostprocessing = 0;
			shellPath = /bin/sh;
			shellScript = "\"${PODS_ROOT}/Target Support Files/Pods-DemoProject/Pods-DemoProject-frameworks.sh\"\n";
			showEnvVarsInLog = 0;
		};
		9581806153EF5A5D8A9B4C3B /* [CP] Check Pods Manifest.lock */ = {
			isa = PBXShellScriptBuildPhase;
			buildActionMask = 2147483647;
			files = (
			);
			inputFileListPaths = (
			);
			inputPaths = (
				"${PODS_PODFILE_DIR_PATH}/Podfile.lock",
				"${PODS_ROOT}/Manifest.lock",
			);
			name = "[CP] Check Pods Manifest.lock";
			outputFileListPaths = (
			);
			outputPaths = (
				"$(DERIVED_FILE_DIR)/Pods-DemoProject-checkManifestLockResult.txt",
			);
			runOnlyForDeploymentPostprocessing = 0;
			shellPath = /bin/sh;
			shellScript = "diff \"${PODS_PODFILE_DIR_PATH}/Podfile.lock\" \"${PODS_ROOT}/Manifest.lock\" > /dev/null\nif [ $? != 0 ] ; then\n    # print error to STDERR\n    echo \"error: The sandbox is not in sync with the Podfile.lock. Run 'pod install' or update your CocoaPods installation.\" >&2\n    exit 1\nfi\n# This output is used by Xcode 'outputs' to avoid re-running this script phase.\necho \"SUCCESS\" > \"${SCRIPT_OUTPUT_FILE_0}\"\n";
			showEnvVarsInLog = 0;
		};
/* End PBXShellScriptBuildPhase section */

/* Begin PBXSourcesBuildPhase section */
		B29D505B25EA7639002CC586 /* Sources */ = {
			isa = PBXSourcesBuildPhase;
			buildActionMask = 2147483647;
			files = (
				CDDB866F2A1DE89100D1C002 /* IQKeyboardManager+Debug.swift in Sources */,
				B2A74BEE269B53A300C0EE97 /* UIImageView+Extensions.swift in Sources */,
				B2A74C00269B53A300C0EE97 /* PageIndicator.swift in Sources */,
				CDDB86632A1DE89100D1C002 /* IQPreviousNextView.swift in Sources */,
				CDDB86432A1DD37300D1C002 /* DemoSwiftUIView1.swift in Sources */,
				CDDB86662A1DE89100D1C002 /* IQToolbar.swift in Sources */,
				B2A74BF4269B53A300C0EE97 /* EmptyView.swift in Sources */,
				B29D506725EA7639002CC586 /* LoginVC.swift in Sources */,
				CDDB86612A1DE89100D1C002 /* IQTextView.swift in Sources */,
				B2A74BEA269B53A300C0EE97 /* EventHub.swift in Sources */,
				B2A74C02269B553C00C0EE97 /* UIBlurEffect+Style.swift in Sources */,
				B2C342352768A3590069D0A2 /* ScrollViewDemoVC2.swift in Sources */,
				CDDB86732A1DE89100D1C002 /* IQUIViewController+Additions.swift in Sources */,
				CD4BA77629193D5400ED0E05 /* CustomCollectionFlowLayout.swift in Sources */,
				B2A74BE3269B53A300C0EE97 /* Once.swift in Sources */,
				B2A74BFC269B53A300C0EE97 /* PermissionView.swift in Sources */,
				CDDB86752A1DE89100D1C002 /* IQUIView+Hierarchy.swift in Sources */,
				CDDB86762A1DE89100D1C002 /* IQNSArray+Sort.swift in Sources */,
				B2A74BF0269B53A300C0EE97 /* UIView+Extensions.swift in Sources */,
				CDA2AC65290944A500F5917C /* ViewA.swift in Sources */,
				B2A79F212771F48200A87370 /* ScrollWithTableVC.swift in Sources */,
				B2946EE9268641A900F6655E /* Connectivity.swift in Sources */,
				CDA2AC67290944BE00F5917C /* ViewB.swift in Sources */,
				CDDB866C2A1DE89100D1C002 /* IQKeyboardManager+Position.swift in Sources */,
				CD40722F29139180004F68A8 /* UPCarouselFlowLayout.swift in Sources */,
				B2B67BA92687640400999FAD /* Extension+UIApplication.swift in Sources */,
				B2A74BFF269B53A300C0EE97 /* PagesController.swift in Sources */,
				B2A4394227676B3000D9374A /* Extension+ScrollView.swift in Sources */,
				CDDB866E2A1DE89100D1C002 /* IQKeyboardManager.swift in Sources */,
				CDDB86622A1DE89100D1C002 /* IQKeyboardManager+Internal.swift in Sources */,
				B2F389C4274419A1007B137E /* WebViewVC.swift in Sources */,
				B2A74BEB269B53A300C0EE97 /* GalleryBundle.swift in Sources */,
				CDDB86772A1DE89100D1C002 /* IQKeyboardManager+UITextFieldViewNotification.swift in Sources */,
				CDDB86742A1DE89100D1C002 /* IQUITextFieldView+Additions.swift in Sources */,
				B2D7A5EC26A07E0E00A97A6D /* Switcher.swift in Sources */,
				B22C10B0269060B300DCFD4C /* AddVC.swift in Sources */,
				B2A74BFD269B53A300C0EE97 /* PermissionController.swift in Sources */,
				B2A74BEF269B53A300C0EE97 /* UIViewController+Extensions.swift in Sources */,
				B2CB774F2760927400870417 /* TableViewDemoVC.swift in Sources */,
				CD2D676C29129F5F00DF42D9 /* CollectionViewCell.swift in Sources */,
				B2A79F1B2771B44E00A87370 /* BaicTableDemoVC.swift in Sources */,
				CD6D902C291CCA54005BD01A /* ExpandableViewCell.swift in Sources */,
				B2A74BF3269B53A300C0EE97 /* UIScrollView+Extensions.swift in Sources */,
				CDDB86682A1DE89100D1C002 /* IQInvocation.swift in Sources */,
				CDDB86652A1DE89100D1C002 /* IQBarButtonItem.swift in Sources */,
				B2C89A8C27651DC500F0B04E /* HomeVC.swift in Sources */,
				B22C10AE2690609D00DCFD4C /* MoneyVC.swift in Sources */,
				CDDB86642A1DE89100D1C002 /* IQTitleBarButtonItem.swift in Sources */,
				B2A79F192771B41C00A87370 /* BasicTableViewCell.swift in Sources */,
				CDDB86702A1DE89100D1C002 /* IQKeyboardManager+OrientationNotification.swift in Sources */,
				B2A74BF7269B53A300C0EE97 /* ArrowButton.swift in Sources */,
				CDDB86712A1DE89100D1C002 /* IQKeyboardManager+Toolbar.swift in Sources */,
				B2C3CB92278160FE00E1D518 /* AppBarView.swift in Sources */,
				B24C7D9A268465800014342F /* bannerSliderCollViewCell.swift in Sources */,
				B2D2DFD7260F329B0046A01E /* CAPSPageMenu.swift in Sources */,
				B28BDBB32701BB6D00C5DE95 /* Extension+Notification.swift in Sources */,
				CD3DBAE8291E56E5002D7C96 /* ChildCell.swift in Sources */,
				B2AE2AEF25FB9176000E7710 /* LoginModel.swift in Sources */,
				CD34A751291BD6E3001704CF /* ExpandableTableVC.swift in Sources */,
				B2A74BED269B53A300C0EE97 /* Array+Extensions.swift in Sources */,
				CDDB866A2A1DE89100D1C002 /* IQKeyboardManagerConstantsInternal.swift in Sources */,
				CD4BA773291917C200ED0E05 /* dashBoardShortViewCell.swift in Sources */,
				B22C10AC269051B100DCFD4C /* HistoryVC.swift in Sources */,
				B2C89A9027651EBD00F0B04E /* DynamicLabelVC.swift in Sources */,
				CD54F187291240E900DEA682 /* Extension+UIView.swift in Sources */,
				B2A74BFA269B53A300C0EE97 /* Utils.swift in Sources */,
				B2A74BF2269B53A300C0EE97 /* AVAsset+Extensions.swift in Sources */,
				CDDB86692A1DE89100D1C002 /* IQKeyboardManager+UIKeyboardNotification.swift in Sources */,
				B2A74BF1269B53A300C0EE97 /* String+Extensions.swift in Sources */,
				B2FA8A0C26918ECD00A02640 /* CustomVC.swift in Sources */,
				B2C89A8E27651E8A00F0B04E /* ScrollDemoVC.swift in Sources */,
				CD407231291394C7004F68A8 /* StructCollection.swift in Sources */,
				B202A8B8260B2D3900962931 /* MenuDb.swift in Sources */,
				CDDB86672A1DE89100D1C002 /* IQUIView+IQKeyboardToolbar.swift in Sources */,
				B2915B462699904400DECE41 /* Reachability.swift in Sources */,
				B2A74BFB269B53A300C0EE97 /* Permission.swift in Sources */,
				B2A74BF8269B53A300C0EE97 /* GridView.swift in Sources */,
				B2BD1EA22615C1B2002F14D4 /* NoteAndRefrence.swift in Sources */,
				B2A74BF9269B53A300C0EE97 /* Fetcher.swift in Sources */,
				B2BDBBA826089ACF00B0DEA9 /* Extension+UITextField.swift in Sources */,
				CD7E484B290D2BFE00C7CE1B /* TabBarDemoVC.swift in Sources */,
				B29D506325EA7639002CC586 /* AppDelegate.swift in Sources */,
				B2A74C04269B554700C0EE97 /* UIColor.swift in Sources */,
				B2AE2AED25FB8DE2000E7710 /* APILoginManger.swift in Sources */,
				B2B67BAB2687669E00999FAD /* UserDefault.swift in Sources */,
				B2A79F172771A7E300A87370 /* ScrollDemoVC2TVCell.swift in Sources */,
				B202A8BC260B433C00962931 /* SlideMenuVC.swift in Sources */,
				CD9CF43129AE2CFF0043624D /* ContactDetailsVC.swift in Sources */,
				B2C5F6012605D0C50020EB9C /* Extension+UIViewController.swift in Sources */,
				B2A74BE5269B53A300C0EE97 /* Constraints.swift in Sources */,
				B202A8B5260B287E00962931 /* MenuModel.swift in Sources */,
				CDA2AC5D29092D8500F5917C /* BottomSheetVC.swift in Sources */,
				B2A74BF5269B53A300C0EE97 /* FrameView.swift in Sources */,
				B2A74BFE269B53A300C0EE97 /* LocationManager.swift in Sources */,
				B22C10B2269060CD00DCFD4C /* NotificationVC.swift in Sources */,
				B2F389BF2743EBCB007B137E /* CommonWebVC.swift in Sources */,
				B27A2B4D25FB41BB002CF4F8 /* Constant.swift in Sources */,
				B2A74BEC269B53A300C0EE97 /* Config.swift in Sources */,
				CDA2AC632909439D00F5917C /* ContentView.swift in Sources */,
				CDDF4F972A1B975400D6438A /* DemoLoginVC.swift in Sources */,
				CDA2AC6029093DEF00F5917C /* SwiftUIView.swift in Sources */,
				CDDB86722A1DE89100D1C002 /* IQUIScrollView+Additions.swift in Sources */,
				CD285485291A1C8700FBB914 /* ImageCollectionView.swift in Sources */,
				CD41B289290F9D4B004ACDD8 /* TabBarMainHome.swift in Sources */,
				CD54F1852912387C00DEA682 /* Extension+UIViewWithIBDesign.swift in Sources */,
				CD3DBAE6291E56D1002D7C96 /* ParentCell.swift in Sources */,
				B2FA8A112691A20900A02640 /* TestVew.swift in Sources */,
				CD1739C329B1E2EB00DE8DB3 /* Extension+String.swift in Sources */,
				CDDB866D2A1DE89100D1C002 /* IQKeyboardReturnKeyHandler.swift in Sources */,
				CD3DBAED291E5B2B002D7C96 /* CellData.swift in Sources */,
				B202A8BA260B3DE200962931 /* SideMenuTableViewCell.swift in Sources */,
				B2B7FED025FF76D4001B6514 /* LoginResponse.swift in Sources */,
				B2A79F232771F4A400A87370 /* ScrollWithTableViewCell.swift in Sources */,
				CDA2AC69290944CF00F5917C /* ViewC.swift in Sources */,
				CD3DBAEA291E570A002D7C96 /* NestedTableViewVC.swift in Sources */,
				B2915B4B2699C00B00DECE41 /* customAlertVC.swift in Sources */,
				CDDB866B2A1DE89100D1C002 /* IQKeyboardManagerConstants.swift in Sources */,
				CDDB86412A1DD35500D1C002 /* DemoView1.swift in Sources */,
			);
			runOnlyForDeploymentPostprocessing = 0;
		};
/* End PBXSourcesBuildPhase section */

/* Begin PBXVariantGroup section */
		B29D506825EA7639002CC586 /* Main.storyboard */ = {
			isa = PBXVariantGroup;
			children = (
				B29D506925EA7639002CC586 /* Base */,
			);
			name = Main.storyboard;
			sourceTree = "<group>";
		};
		B29D506D25EA763B002CC586 /* LaunchScreen.storyboard */ = {
			isa = PBXVariantGroup;
			children = (
				B29D506E25EA763B002CC586 /* Base */,
			);
			name = LaunchScreen.storyboard;
			sourceTree = "<group>";
		};
/* End PBXVariantGroup section */

/* Begin XCBuildConfiguration section */
		B29D507125EA763B002CC586 /* Debug */ = {
			isa = XCBuildConfiguration;
			buildSettings = {
				ALWAYS_SEARCH_USER_PATHS = NO;
				CLANG_ANALYZER_NONNULL = YES;
				CLANG_ANALYZER_NUMBER_OBJECT_CONVERSION = YES_AGGRESSIVE;
				CLANG_CXX_LANGUAGE_STANDARD = "gnu++14";
				CLANG_CXX_LIBRARY = "libc++";
				CLANG_ENABLE_MODULES = YES;
				CLANG_ENABLE_OBJC_ARC = YES;
				CLANG_ENABLE_OBJC_WEAK = YES;
				CLANG_WARN_BLOCK_CAPTURE_AUTORELEASING = YES;
				CLANG_WARN_BOOL_CONVERSION = YES;
				CLANG_WARN_COMMA = YES;
				CLANG_WARN_CONSTANT_CONVERSION = YES;
				CLANG_WARN_DEPRECATED_OBJC_IMPLEMENTATIONS = YES;
				CLANG_WARN_DIRECT_OBJC_ISA_USAGE = YES_ERROR;
				CLANG_WARN_DOCUMENTATION_COMMENTS = YES;
				CLANG_WARN_EMPTY_BODY = YES;
				CLANG_WARN_ENUM_CONVERSION = YES;
				CLANG_WARN_INFINITE_RECURSION = YES;
				CLANG_WARN_INT_CONVERSION = YES;
				CLANG_WARN_NON_LITERAL_NULL_CONVERSION = YES;
				CLANG_WARN_OBJC_IMPLICIT_RETAIN_SELF = YES;
				CLANG_WARN_OBJC_LITERAL_CONVERSION = YES;
				CLANG_WARN_OBJC_ROOT_CLASS = YES_ERROR;
				CLANG_WARN_RANGE_LOOP_ANALYSIS = YES;
				CLANG_WARN_STRICT_PROTOTYPES = YES;
				CLANG_WARN_SUSPICIOUS_MOVE = YES;
				CLANG_WARN_UNGUARDED_AVAILABILITY = YES_AGGRESSIVE;
				CLANG_WARN_UNREACHABLE_CODE = YES;
				CLANG_WARN__DUPLICATE_METHOD_MATCH = YES;
				COPY_PHASE_STRIP = NO;
				DEBUG_INFORMATION_FORMAT = dwarf;
				ENABLE_STRICT_OBJC_MSGSEND = YES;
				ENABLE_TESTABILITY = YES;
				GCC_C_LANGUAGE_STANDARD = gnu11;
				GCC_DYNAMIC_NO_PIC = NO;
				GCC_NO_COMMON_BLOCKS = YES;
				GCC_OPTIMIZATION_LEVEL = 0;
				GCC_PREPROCESSOR_DEFINITIONS = (
					"DEBUG=1",
					"$(inherited)",
				);
				GCC_WARN_64_TO_32_BIT_CONVERSION = YES;
				GCC_WARN_ABOUT_RETURN_TYPE = YES_ERROR;
				GCC_WARN_UNDECLARED_SELECTOR = YES;
				GCC_WARN_UNINITIALIZED_AUTOS = YES_AGGRESSIVE;
				GCC_WARN_UNUSED_FUNCTION = YES;
				GCC_WARN_UNUSED_VARIABLE = YES;
				IPHONEOS_DEPLOYMENT_TARGET = 15.0;
				MTL_ENABLE_DEBUG_INFO = INCLUDE_SOURCE;
				MTL_FAST_MATH = YES;
				ONLY_ACTIVE_ARCH = YES;
				SDKROOT = iphoneos;
				SWIFT_ACTIVE_COMPILATION_CONDITIONS = DEBUG;
				SWIFT_OPTIMIZATION_LEVEL = "-Onone";
			};
			name = Debug;
		};
		B29D507225EA763B002CC586 /* Release */ = {
			isa = XCBuildConfiguration;
			buildSettings = {
				ALWAYS_SEARCH_USER_PATHS = NO;
				CLANG_ANALYZER_NONNULL = YES;
				CLANG_ANALYZER_NUMBER_OBJECT_CONVERSION = YES_AGGRESSIVE;
				CLANG_CXX_LANGUAGE_STANDARD = "gnu++14";
				CLANG_CXX_LIBRARY = "libc++";
				CLANG_ENABLE_MODULES = YES;
				CLANG_ENABLE_OBJC_ARC = YES;
				CLANG_ENABLE_OBJC_WEAK = YES;
				CLANG_WARN_BLOCK_CAPTURE_AUTORELEASING = YES;
				CLANG_WARN_BOOL_CONVERSION = YES;
				CLANG_WARN_COMMA = YES;
				CLANG_WARN_CONSTANT_CONVERSION = YES;
				CLANG_WARN_DEPRECATED_OBJC_IMPLEMENTATIONS = YES;
				CLANG_WARN_DIRECT_OBJC_ISA_USAGE = YES_ERROR;
				CLANG_WARN_DOCUMENTATION_COMMENTS = YES;
				CLANG_WARN_EMPTY_BODY = YES;
				CLANG_WARN_ENUM_CONVERSION = YES;
				CLANG_WARN_INFINITE_RECURSION = YES;
				CLANG_WARN_INT_CONVERSION = YES;
				CLANG_WARN_NON_LITERAL_NULL_CONVERSION = YES;
				CLANG_WARN_OBJC_IMPLICIT_RETAIN_SELF = YES;
				CLANG_WARN_OBJC_LITERAL_CONVERSION = YES;
				CLANG_WARN_OBJC_ROOT_CLASS = YES_ERROR;
				CLANG_WARN_RANGE_LOOP_ANALYSIS = YES;
				CLANG_WARN_STRICT_PROTOTYPES = YES;
				CLANG_WARN_SUSPICIOUS_MOVE = YES;
				CLANG_WARN_UNGUARDED_AVAILABILITY = YES_AGGRESSIVE;
				CLANG_WARN_UNREACHABLE_CODE = YES;
				CLANG_WARN__DUPLICATE_METHOD_MATCH = YES;
				COPY_PHASE_STRIP = NO;
				DEBUG_INFORMATION_FORMAT = "dwarf-with-dsym";
				ENABLE_NS_ASSERTIONS = NO;
				ENABLE_STRICT_OBJC_MSGSEND = YES;
				GCC_C_LANGUAGE_STANDARD = gnu11;
				GCC_NO_COMMON_BLOCKS = YES;
				GCC_WARN_64_TO_32_BIT_CONVERSION = YES;
				GCC_WARN_ABOUT_RETURN_TYPE = YES_ERROR;
				GCC_WARN_UNDECLARED_SELECTOR = YES;
				GCC_WARN_UNINITIALIZED_AUTOS = YES_AGGRESSIVE;
				GCC_WARN_UNUSED_FUNCTION = YES;
				GCC_WARN_UNUSED_VARIABLE = YES;
				IPHONEOS_DEPLOYMENT_TARGET = 15.0;
				MTL_ENABLE_DEBUG_INFO = NO;
				MTL_FAST_MATH = YES;
				SDKROOT = iphoneos;
				SWIFT_COMPILATION_MODE = wholemodule;
				SWIFT_OPTIMIZATION_LEVEL = "-O";
				VALIDATE_PRODUCT = YES;
			};
			name = Release;
		};
		B29D507425EA763B002CC586 /* Debug */ = {
			isa = XCBuildConfiguration;
			baseConfigurationReference = 3DA8F55107928F896886388B /* Pods-DemoProject.debug.xcconfig */;
			buildSettings = {
				ASSETCATALOG_COMPILER_APPICON_NAME = AppIcon;
				CODE_SIGN_IDENTITY = "Apple Development";
				CODE_SIGN_STYLE = Automatic;
				DEVELOPMENT_TEAM = 2QKGN99NT9;
				FRAMEWORK_SEARCH_PATHS = (
					"$(inherited)",
					"$(PROJECT_DIR)",
				);
				INFOPLIST_FILE = DemoProject/Info.plist;
				LD_RUNPATH_SEARCH_PATHS = (
					"$(inherited)",
					"@executable_path/Frameworks",
				);
				PRODUCT_BUNDLE_IDENTIFIER = com.rahul.foodcornerRahul;
				PRODUCT_NAME = "Food Corner";
				PROVISIONING_PROFILE_SPECIFIER = "";
				SWIFT_VERSION = 5.0;
				TARGETED_DEVICE_FAMILY = "1,2";
			};
			name = Debug;
		};
		B29D507525EA763B002CC586 /* Release */ = {
			isa = XCBuildConfiguration;
			baseConfigurationReference = 2DE43D00A7788C9EDD1D6BEE /* Pods-DemoProject.release.xcconfig */;
			buildSettings = {
				ASSETCATALOG_COMPILER_APPICON_NAME = AppIcon;
				CODE_SIGN_STYLE = Manual;
				DEVELOPMENT_TEAM = "";
				FRAMEWORK_SEARCH_PATHS = (
					"$(inherited)",
					"$(PROJECT_DIR)",
				);
				INFOPLIST_FILE = DemoProject/Info.plist;
				LD_RUNPATH_SEARCH_PATHS = (
					"$(inherited)",
					"@executable_path/Frameworks",
				);
				PRODUCT_BUNDLE_IDENTIFIER = com.nilesh.DemoProject;
				PRODUCT_NAME = "Food Corner";
				PROVISIONING_PROFILE_SPECIFIER = "";
				SWIFT_VERSION = 5.0;
				TARGETED_DEVICE_FAMILY = "1,2";
			};
			name = Release;
		};
/* End XCBuildConfiguration section */

/* Begin XCConfigurationList section */
		B29D505A25EA7639002CC586 /* Build configuration list for PBXProject "DemoProject" */ = {
			isa = XCConfigurationList;
			buildConfigurations = (
				B29D507125EA763B002CC586 /* Debug */,
				B29D507225EA763B002CC586 /* Release */,
			);
			defaultConfigurationIsVisible = 0;
			defaultConfigurationName = Release;
		};
		B29D507325EA763B002CC586 /* Build configuration list for PBXNativeTarget "DemoProject" */ = {
			isa = XCConfigurationList;
			buildConfigurations = (
				B29D507425EA763B002CC586 /* Debug */,
				B29D507525EA763B002CC586 /* Release */,
			);
			defaultConfigurationIsVisible = 0;
			defaultConfigurationName = Release;
		};
/* End XCConfigurationList section */

/* Begin XCRemoteSwiftPackageReference section */
		B2AE2AE825FB8D3C000E7710 /* XCRemoteSwiftPackageReference "Alamofire" */ = {
			isa = XCRemoteSwiftPackageReference;
			repositoryURL = "https://github.com/Alamofire/Alamofire.git";
			requirement = {
				kind = upToNextMajorVersion;
				minimumVersion = 5.4.1;
			};
		};
/* End XCRemoteSwiftPackageReference section */

/* Begin XCSwiftPackageProductDependency section */
		B2AE2AE925FB8D3C000E7710 /* Alamofire */ = {
			isa = XCSwiftPackageProductDependency;
			package = B2AE2AE825FB8D3C000E7710 /* XCRemoteSwiftPackageReference "Alamofire" */;
			productName = Alamofire;
		};
/* End XCSwiftPackageProductDependency section */
	};
	rootObject = B29D505725EA7639002CC586 /* Project object */;
}
